PODS:
  - 1PasswordExtension (1.8.5)
  - Alamofire (4.9.1)
  - AlamofireObjectMapper (5.2.1):
    - Alamofire (~> 4.7)
    - ObjectMapper (~> 3.4)
  - Cosmos (20.0.1)
  - Crashlytics (3.14.0):
    - Fabric (~> 1.10.2)
  - CXSwipeGestureRecognizer (1.1.0)
  - DeviceKit (2.3.0)
  - DrawerController (4.0.0):
    - DrawerController/Core (= 4.0.0)
    - DrawerController/DrawerVisualStates (= 4.0.0)
  - DrawerController/Core (4.0.0)
  - DrawerController/DrawerVisualStates (4.0.0):
    - DrawerController/Core
  - DropDown (2.3.13)
  - Fabric (1.10.2)
  - FXBlurView (1.6.4)
  - JWTDecode (2.4.0)
  - KeychainSwift (18.0.0)
  - Kingfisher (5.12.0):
    - Kingfisher/Core (= 5.12.0)
  - Kingfisher/Core (5.12.0)
  - KVOController (1.2.0)
  - MJRefresh (3.3.1)
  - Moya/Core (13.0.1):
    - Alamofire (~> 4.1)
    - Result (~> 4.1)
  - Moya/RxSwift (13.0.1):
    - Moya/Core
    - RxSwift (~> 4.0)
  - ObjectMapper (3.5.1)
  - Result (4.1.0)
  - RxBlocking (4.5.0):
    - RxSwift (>= 4.4.2, ~> 4.4)
  - RxCocoa (4.5.0):
    - RxSwift (>= 4.4.2, ~> 4.4)
  - RxSwift (4.5.0)
  - Shimmer (1.0.2)
  - SnapKit (5.0.1)
  - SVProgressHUD (2.2.5)
  - SwiftIconFont (3.0.0)
  - SwiftyJSON (3.1.4)
  - YYText (1.0.7)

DEPENDENCIES:
  - 1PasswordExtension
  - Alamofire
  - AlamofireObjectMapper
  - Cosmos (~> 20.0)
  - Crashlytics
  - CXSwipeGestureRecognizer
  - DeviceKit
  - DrawerController
  - DropDown
  - Fabric
  - FXBlurView
  - JWTDecode (~> 2.3)
  - KeychainSwift
  - Kingfisher
  - KVOController
  - MJRefresh
  - Moya/RxSwift
  - ObjectMapper
  - RxBlocking (~> 4.0)
  - RxCocoa (~> 4.0)
  - Shimmer
  - SnapKit
  - SVProgressHUD
  - SwiftIconFont
  - SwiftyJSON (~> 3.1.4)
  - YYText

SPEC REPOS:
  trunk:
    - 1PasswordExtension
    - Alamofire
    - AlamofireObjectMapper
    - Cosmos
    - Crashlytics
    - CXSwipeGestureRecognizer
    - DeviceKit
    - DrawerController
    - DropDown
    - Fabric
    - FXBlurView
    - JWTDecode
    - KeychainSwift
    - Kingfisher
    - KVOController
    - MJRefresh
    - Moya
    - ObjectMapper
    - Result
    - RxBlocking
    - RxCocoa
    - RxSwift
    - Shimmer
    - SnapKit
    - SVProgressHUD
    - SwiftIconFont
    - SwiftyJSON
    - YYText

SPEC CHECKSUMS:
  1PasswordExtension: 0e95bdea64ec8ff2f4f693be5467a09fac42a83d
  Alamofire: 85e8a02c69d6020a0d734f6054870d7ecb75cf18
  AlamofireObjectMapper: 1989f690e982b71921b9253f53a4f33a9bc00d88
  Cosmos: b47fddf2102bb48580cd3025d9ce0a5c658a65da
  Crashlytics: 540b7e5f5da5a042647227a5e3ac51d85eed06df
  CXSwipeGestureRecognizer: 5a53916aa69e85d041c35b5fc2180ff0bfe6333b
  DeviceKit: da103891aa928d89f64ea8dd8aca738c5f3d8ac0
  DrawerController: eb1168e9f7185cc49f654ae8486917f0acb3dc88
  DropDown: 8a2116376c1981888557f72ec2ffc9a5e0e456ec
  Fabric: 706c8b8098fff96c33c0db69cbf81f9c551d0d74
  FXBlurView: db786c2561cb49a09ae98407f52460096ab8a44f
  JWTDecode: 0930fb517c27bac2daef7cabc13577b18fdee0da
  KeychainSwift: c46e1438d121e47459fb304ac88c5e058a2a91ed
  Kingfisher: dc6e0f53bb5b12c3e75bedb0e01bbd7a640eea69
  KVOController: d72ace34afea42468329623b3379ab3cd1d286b6
  MJRefresh: eeda70fbf0ad277f3178cef1cd0c3532591d6237
  Moya: f4a4b80ff2f8a4ffc208dfb31cd91636622fee6e
  ObjectMapper: 70187b8941977c62ccfb423caf6b50be405cabf0
  Result: bd966fac789cc6c1563440b348ab2598cc24d5c7
  RxBlocking: 79413e4d916f44bb3e113c5b2cc059e36fe58910
  RxCocoa: cbf70265dc65a981d4ac982e513c10cf23df24a0
  RxSwift: f172070dfd1a93d70a9ab97a5a01166206e1c575
  Shimmer: c5374be1c2b0c9e292fb05b339a513cf291cac86
  SnapKit: 97b92857e3df3a0c71833cce143274bf6ef8e5eb
  SVProgressHUD: 1428aafac632c1f86f62aa4243ec12008d7a51d6
  SwiftIconFont: 2ba18554a77c44948dc35b561b344e3c23834a84
  SwiftyJSON: c2842d878f95482ffceec5709abc3d05680c0220
  YYText: 5c461d709e24d55a182d1441c41dc639a18a4849

PODFILE CHECKSUM: acdf286385bff3ecb3a7b6804f43576b8c7f5165

COCOAPODS: 1.8.4
