// !$*UTF8*$!
{
	archiveVersion = 1;
	classes = {
	};
	objectVersion = 46;
	objects = {

/* Begin PBXBuildFile section */
		06098B3F1C52171D00848159 /* LoginViewController.swift in Sources */ = {isa = PBXBuildFile; fileRef = 06098B3E1C52171D00848159 /* LoginViewController.swift */; };
		0610F1B01C46136300481402 /* BaseModel.swift in Sources */ = {isa = PBXBuildFile; fileRef = 0610F1AF1C46136300481402 /* BaseModel.swift */; };
		0610F1B41C46491800481402 /* V2EXNavigationController.swift in Sources */ = {isa = PBXBuildFile; fileRef = 0610F1B31C46491800481402 /* V2EXNavigationController.swift */; };
		0614FDC91CB371A600C3740A /* V2LeftAlignedCollectionViewFlowLayout.swift in Sources */ = {isa = PBXBuildFile; fileRef = 0614FDC81CB371A600C3740A /* V2LeftAlignedCollectionViewFlowLayout.swift */; };
		0648F4AC1C54FC3F00475567 /* V2EXSettings.swift in Sources */ = {isa = PBXBuildFile; fileRef = 0648F4AB1C54FC3F00475567 /* V2EXSettings.swift */; };
		064F03B21ED5700C0094683D /* V2EXTargetType.swift in Sources */ = {isa = PBXBuildFile; fileRef = 064F03B11ED5700C0094683D /* V2EXTargetType.swift */; };
		0653CFA81C44E0B200E4FC05 /* UITableView+FINAutomaticHeightCell.swift in Sources */ = {isa = PBXBuildFile; fileRef = 0653CFA71C44E0B200E4FC05 /* UITableView+FINAutomaticHeightCell.swift */; };
		0666E0F01DBF49C0009A1F71 /* WebViewImageProtocol.swift in Sources */ = {isa = PBXBuildFile; fileRef = 0666E0EF1DBF49C0009A1F71 /* WebViewImageProtocol.swift */; };
		0678D2051C61B423007FFCFD /* UIImage+Extension.swift in Sources */ = {isa = PBXBuildFile; fileRef = 0678D2041C61B423007FFCFD /* UIImage+Extension.swift */; };
		0678D20C1C61EAA8007FFCFD /* UIImageView+Extension.swift in Sources */ = {isa = PBXBuildFile; fileRef = 0678D20B1C61EAA8007FFCFD /* UIImageView+Extension.swift */; };
		0678F47120CE388E0048A64B /* Observable+Extension.swift in Sources */ = {isa = PBXBuildFile; fileRef = 0678F47020CE388E0048A64B /* Observable+Extension.swift */; };
		069508E41C3F74FF0088D031 /* AppDelegate.swift in Sources */ = {isa = PBXBuildFile; fileRef = 069508E31C3F74FF0088D031 /* AppDelegate.swift */; };
		069508EB1C3F74FF0088D031 /* Assets.xcassets in Resources */ = {isa = PBXBuildFile; fileRef = 069508EA1C3F74FF0088D031 /* Assets.xcassets */; };
		069508EE1C3F74FF0088D031 /* LaunchScreen.storyboard in Resources */ = {isa = PBXBuildFile; fileRef = 069508EC1C3F74FF0088D031 /* LaunchScreen.storyboard */; };
		069839761C4773D600FF7163 /* Localizable.strings in Resources */ = {isa = PBXBuildFile; fileRef = 069839781C4773D600FF7163 /* Localizable.strings */; };
		06A4907C1C67058800F6A063 /* Media.xcassets in Resources */ = {isa = PBXBuildFile; fileRef = 06A4907B1C67058800F6A063 /* Media.xcassets */; };
		06B6447E21B8D1A600D1BD46 /* V2HitTestSlopButton.swift in Sources */ = {isa = PBXBuildFile; fileRef = 06B6447D21B8D1A600D1BD46 /* V2HitTestSlopButton.swift */; };
		06BB48EE1C56096000A4A909 /* V2EXMentionedBindingParser.swift in Sources */ = {isa = PBXBuildFile; fileRef = 06BB48ED1C56096000A4A909 /* V2EXMentionedBindingParser.swift */; };
		06C49B6D1C43BFAB00684CA6 /* V2ex+Define.swift in Sources */ = {isa = PBXBuildFile; fileRef = 06C49B6C1C43BFAB00684CA6 /* V2ex+Define.swift */; };
		06C532B61C534D3F00258A55 /* V2Response.swift in Sources */ = {isa = PBXBuildFile; fileRef = 06C532B51C534D3F00258A55 /* V2Response.swift */; };
		06D0EE1F1C915CAD003095FF /* V2Style.swift in Sources */ = {isa = PBXBuildFile; fileRef = 06D0EE1E1C915CAD003095FF /* V2Style.swift */; };
		06D0EE291C9165C3003095FF /* baseStyle.css in Resources */ = {isa = PBXBuildFile; fileRef = 06D0EE251C9165C3003095FF /* baseStyle.css */; };
		06D0EE2A1C9165C3003095FF /* darkStyle.css in Resources */ = {isa = PBXBuildFile; fileRef = 06D0EE261C9165C3003095FF /* darkStyle.css */; };
		06D0EE2B1C9165C3003095FF /* font.css in Resources */ = {isa = PBXBuildFile; fileRef = 06D0EE271C9165C3003095FF /* font.css */; };
		06D0EE2C1C9165C3003095FF /* lightStyle.css in Resources */ = {isa = PBXBuildFile; fileRef = 06D0EE281C9165C3003095FF /* lightStyle.css */; };
		06D300281C6C720800547CE6 /* V2UsersKeychain.swift in Sources */ = {isa = PBXBuildFile; fileRef = 06D300271C6C720800547CE6 /* V2UsersKeychain.swift */; };
		06DD400B1C43726600CE293D /* V2EXColor.swift in Sources */ = {isa = PBXBuildFile; fileRef = 06DD400A1C43726600CE293D /* V2EXColor.swift */; };
		06E145A61C60A9F400BDD63D /* Request+Extension.swift in Sources */ = {isa = PBXBuildFile; fileRef = 06E145A51C60A9F400BDD63D /* Request+Extension.swift */; };
		06E52F781E012A8000E69084 /* UIView+Extension.swift in Sources */ = {isa = PBXBuildFile; fileRef = 06E52F771E012A8000E69084 /* UIView+Extension.swift */; };
		06E52F7A1E01326900E69084 /* JSTools.js in Resources */ = {isa = PBXBuildFile; fileRef = 06E52F791E01326900E69084 /* JSTools.js */; };
		06E583891C3FA1CA00FCA361 /* UITableView+Extension.swift in Sources */ = {isa = PBXBuildFile; fileRef = 06E583881C3FA1CA00FCA361 /* UITableView+Extension.swift */; };
		06FA34D11C8AA458001D6830 /* SVProgressHUD+Extension.swift in Sources */ = {isa = PBXBuildFile; fileRef = 06FA34D01C8AA458001D6830 /* SVProgressHUD+Extension.swift */; };
		2D43B43D1CAA2CDD007B0007 /* V2ProgressHUD.swift in Sources */ = {isa = PBXBuildFile; fileRef = 2D43B43C1CAA2CDD007B0007 /* V2ProgressHUD.swift */; };
		2D6B1BB01CA93F970050121D /* V2User.swift in Sources */ = {isa = PBXBuildFile; fileRef = 2D6B1BAF1CA93F970050121D /* V2User.swift */; };
		4018432C23B04F540040DFC5 /* SampleArticleListController.swift in Sources */ = {isa = PBXBuildFile; fileRef = 4018432B23B04F540040DFC5 /* SampleArticleListController.swift */; };
		4018432E23B04FA20040DFC5 /* WritingArticleModel.swift in Sources */ = {isa = PBXBuildFile; fileRef = 4018432D23B04FA20040DFC5 /* WritingArticleModel.swift */; };
		4018433023B051500040DFC5 /* WritingApi.swift in Sources */ = {isa = PBXBuildFile; fileRef = 4018432F23B051500040DFC5 /* WritingApi.swift */; };
		4018433223B058FC0040DFC5 /* WritingListTableViewCell.swift in Sources */ = {isa = PBXBuildFile; fileRef = 4018433123B058FC0040DFC5 /* WritingListTableViewCell.swift */; };
		4018433423B0648F0040DFC5 /* SampleArticleController.swift in Sources */ = {isa = PBXBuildFile; fileRef = 4018433323B0648F0040DFC5 /* SampleArticleController.swift */; };
		4018433623B0A9390040DFC5 /* WritingHistoryModel.swift in Sources */ = {isa = PBXBuildFile; fileRef = 4018433523B0A9390040DFC5 /* WritingHistoryModel.swift */; };
		4018433823B363880040DFC5 /* DiffModel.swift in Sources */ = {isa = PBXBuildFile; fileRef = 4018433723B363880040DFC5 /* DiffModel.swift */; };
		4018433A23BA18090040DFC5 /* MeCheckboxTableViewCell.swift in Sources */ = {isa = PBXBuildFile; fileRef = 4018433923BA18090040DFC5 /* MeCheckboxTableViewCell.swift */; };
		4018433C23BA23EE0040DFC5 /* MeSpliterTableViewCell.swift in Sources */ = {isa = PBXBuildFile; fileRef = 4018433B23BA23EE0040DFC5 /* MeSpliterTableViewCell.swift */; };
		4018433E23BA2F710040DFC5 /* UIControl+Extension.swift in Sources */ = {isa = PBXBuildFile; fileRef = 4018433D23BA2F710040DFC5 /* UIControl+Extension.swift */; };
		4018434023BCA0D10040DFC5 /* ITranslation.swift in Sources */ = {isa = PBXBuildFile; fileRef = 4018433F23BCA0D10040DFC5 /* ITranslation.swift */; };
		402B07C922E84B59007DC5D2 /* SpeechApi.swift in Sources */ = {isa = PBXBuildFile; fileRef = 402B07C822E84B59007DC5D2 /* SpeechApi.swift */; };
		4043E76822DDE5F100BFCA7B /* TypIcons.ttf in Resources */ = {isa = PBXBuildFile; fileRef = 4043E75922DDE5EF00BFCA7B /* TypIcons.ttf */; };
		4043E76922DDE5F100BFCA7B /* Linearicons.ttf in Resources */ = {isa = PBXBuildFile; fileRef = 4043E75A22DDE5EF00BFCA7B /* Linearicons.ttf */; };
		4043E76A22DDE5F100BFCA7B /* FontAwesomeRegular.ttf in Resources */ = {isa = PBXBuildFile; fileRef = 4043E75B22DDE5F000BFCA7B /* FontAwesomeRegular.ttf */; };
		4043E76B22DDE5F100BFCA7B /* Emoji.ttf in Resources */ = {isa = PBXBuildFile; fileRef = 4043E75C22DDE5F000BFCA7B /* Emoji.ttf */; };
		4043E76C22DDE5F100BFCA7B /* WeatherIcons.ttf in Resources */ = {isa = PBXBuildFile; fileRef = 4043E75D22DDE5F000BFCA7B /* WeatherIcons.ttf */; };
		4043E76E22DDE5F100BFCA7B /* FontAwesomeSolid.ttf in Resources */ = {isa = PBXBuildFile; fileRef = 4043E75F22DDE5F000BFCA7B /* FontAwesomeSolid.ttf */; };
		4043E76F22DDE5F100BFCA7B /* Icofont.ttf in Resources */ = {isa = PBXBuildFile; fileRef = 4043E76022DDE5F000BFCA7B /* Icofont.ttf */; };
		4043E77022DDE5F100BFCA7B /* MapIcons.ttf in Resources */ = {isa = PBXBuildFile; fileRef = 4043E76122DDE5F000BFCA7B /* MapIcons.ttf */; };
		4043E77122DDE5F100BFCA7B /* FontAwesomeBrands.ttf in Resources */ = {isa = PBXBuildFile; fileRef = 4043E76222DDE5F000BFCA7B /* FontAwesomeBrands.ttf */; };
		4043E77222DDE5F100BFCA7B /* MaterialIcons.ttf in Resources */ = {isa = PBXBuildFile; fileRef = 4043E76322DDE5F000BFCA7B /* MaterialIcons.ttf */; };
		4043E77322DDE5F100BFCA7B /* Dripicons.ttf in Resources */ = {isa = PBXBuildFile; fileRef = 4043E76422DDE5F000BFCA7B /* Dripicons.ttf */; };
		4043E77422DDE5F100BFCA7B /* Stateface.ttf in Resources */ = {isa = PBXBuildFile; fileRef = 4043E76522DDE5F000BFCA7B /* Stateface.ttf */; };
		4043E77522DDE5F100BFCA7B /* OpenIconic.ttf in Resources */ = {isa = PBXBuildFile; fileRef = 4043E76622DDE5F100BFCA7B /* OpenIconic.ttf */; };
		4081016822E8585900C6DA1B /* SpeechController.swift in Sources */ = {isa = PBXBuildFile; fileRef = 4081016722E8585900C6DA1B /* SpeechController.swift */; };
		4081016F22E858B000C6DA1B /* PlayerMenuView.swift in Sources */ = {isa = PBXBuildFile; fileRef = 4081016D22E858AF00C6DA1B /* PlayerMenuView.swift */; };
		4081017022E858B000C6DA1B /* RecordMenuView.swift in Sources */ = {isa = PBXBuildFile; fileRef = 4081016E22E858AF00C6DA1B /* RecordMenuView.swift */; };
		4081017322E859BF00C6DA1B /* ParagraphModel.swift in Sources */ = {isa = PBXBuildFile; fileRef = 4081017122E859BF00C6DA1B /* ParagraphModel.swift */; };
		4081017422E859BF00C6DA1B /* ParagraphSplitModel.swift in Sources */ = {isa = PBXBuildFile; fileRef = 4081017222E859BF00C6DA1B /* ParagraphSplitModel.swift */; };
		4081017622E85FC000C6DA1B /* Downloader.swift in Sources */ = {isa = PBXBuildFile; fileRef = 4081017522E85FC000C6DA1B /* Downloader.swift */; };
		4081017822E8600700C6DA1B /* DateTimeUtil.swift in Sources */ = {isa = PBXBuildFile; fileRef = 4081017722E8600700C6DA1B /* DateTimeUtil.swift */; };
		4081017A22E8601000C6DA1B /* HttpClient.swift in Sources */ = {isa = PBXBuildFile; fileRef = 4081017922E8600F00C6DA1B /* HttpClient.swift */; };
		4081017E22EAC45E00C6DA1B /* V2RefreshHeader.swift in Sources */ = {isa = PBXBuildFile; fileRef = 4081017B22EAC45E00C6DA1B /* V2RefreshHeader.swift */; };
		4081017F22EAC45E00C6DA1B /* V2LoadingView.swift in Sources */ = {isa = PBXBuildFile; fileRef = 4081017C22EAC45E00C6DA1B /* V2LoadingView.swift */; };
		4081018022EAC45E00C6DA1B /* V2RefreshFooter.swift in Sources */ = {isa = PBXBuildFile; fileRef = 4081017D22EAC45E00C6DA1B /* V2RefreshFooter.swift */; };
		4081018222EACB1300C6DA1B /* UserModel.swift in Sources */ = {isa = PBXBuildFile; fileRef = 4081018122EACB1300C6DA1B /* UserModel.swift */; };
		4081018422EFE4D600C6DA1B /* ReadingBrowserController.swift in Sources */ = {isa = PBXBuildFile; fileRef = 4081018322EFE4D600C6DA1B /* ReadingBrowserController.swift */; };
		4081018622F0292300C6DA1B /* BookMarkModel.swift in Sources */ = {isa = PBXBuildFile; fileRef = 4081018522F0292300C6DA1B /* BookMarkModel.swift */; };
		4081018822F084CB00C6DA1B /* UITextField+Extension.swift in Sources */ = {isa = PBXBuildFile; fileRef = 4081018722F084CB00C6DA1B /* UITextField+Extension.swift */; };
		4081018A22F2B50A00C6DA1B /* ReadingApi.swift in Sources */ = {isa = PBXBuildFile; fileRef = 4081018922F2B50A00C6DA1B /* ReadingApi.swift */; };
		4081018C22F3D5F200C6DA1B /* UserBookRightFloatView.swift in Sources */ = {isa = PBXBuildFile; fileRef = 4081018B22F3D5F200C6DA1B /* UserBookRightFloatView.swift */; };
		409FBC0C22E7119E00B1AA26 /* ArticleModel.swift in Sources */ = {isa = PBXBuildFile; fileRef = 409FBC0B22E7119E00B1AA26 /* ArticleModel.swift */; };
		40B0E4BD239004200039B550 /* WordListController.swift in Sources */ = {isa = PBXBuildFile; fileRef = 40B0E4BC239004200039B550 /* WordListController.swift */; };
		40B0E4BF239004830039B550 /* WordListTableViewCell.swift in Sources */ = {isa = PBXBuildFile; fileRef = 40B0E4BE239004830039B550 /* WordListTableViewCell.swift */; };
		40B0E4C12390F7580039B550 /* Double+Extension.swift in Sources */ = {isa = PBXBuildFile; fileRef = 40B0E4C02390F7580039B550 /* Double+Extension.swift */; };
		40CD259523CF054B0032C5E2 /* PrivacyController.swift in Sources */ = {isa = PBXBuildFile; fileRef = 40CD259423CF054B0032C5E2 /* PrivacyController.swift */; };
		40D06FF6238BBECF00E2BB83 /* MediaModel.swift in Sources */ = {isa = PBXBuildFile; fileRef = 40D06FF5238BBECF00E2BB83 /* MediaModel.swift */; };
		40D06FF8238BD42C00E2BB83 /* MediaUsages.swift in Sources */ = {isa = PBXBuildFile; fileRef = 40D06FF7238BD42C00E2BB83 /* MediaUsages.swift */; };
		8037FC86233213BE00DB34ED /* CALayer+Extension.swift in Sources */ = {isa = PBXBuildFile; fileRef = 8037FC85233213BE00DB34ED /* CALayer+Extension.swift */; };
		804B9492234B665200369936 /* UITextView+Extension.swift in Sources */ = {isa = PBXBuildFile; fileRef = 804B9491234B665200369936 /* UITextView+Extension.swift */; };
		804B9494234B785000369936 /* OtherApi.swift in Sources */ = {isa = PBXBuildFile; fileRef = 804B9493234B785000369936 /* OtherApi.swift */; };
		804B9496234B804600369936 /* GoogleTransModel.swift in Sources */ = {isa = PBXBuildFile; fileRef = 804B9495234B804600369936 /* GoogleTransModel.swift */; };
		804B9498234B8AC000369936 /* MyWKWebView.swift in Sources */ = {isa = PBXBuildFile; fileRef = 804B9497234B8AC000369936 /* MyWKWebView.swift */; };
		804B949A234F2B9900369936 /* WordSearch.swift in Sources */ = {isa = PBXBuildFile; fileRef = 804B9499234F2B9900369936 /* WordSearch.swift */; };
		804B949C234F33B500369936 /* Langs.swift in Sources */ = {isa = PBXBuildFile; fileRef = 804B949B234F33B500369936 /* Langs.swift */; };
		806C8C1F2312A87D00FB2378 /* LearnTestRightFloatView.swift in Sources */ = {isa = PBXBuildFile; fileRef = 806C8C1E2312A87D00FB2378 /* LearnTestRightFloatView.swift */; };
		80C75C8223150F8A00144CF1 /* BookMarkListTableViewCell.swift in Sources */ = {isa = PBXBuildFile; fileRef = 80C75C8123150F8A00144CF1 /* BookMarkListTableViewCell.swift */; };
		C221092DC4F2BF6C34A42945 /* BookMarkListController.swift in Sources */ = {isa = PBXBuildFile; fileRef = C22139B81026470D3B418227 /* BookMarkListController.swift */; };
		C2218B49B684C78B24DCC7CB /* SentenceModel.swift in Sources */ = {isa = PBXBuildFile; fileRef = C22B4CA62193A800C2B0758F /* SentenceModel.swift */; };
		C22234C5A259CDD0E716B93D /* UserWordStatModel.swift in Sources */ = {isa = PBXBuildFile; fileRef = C22917FFECB49F9DBE49B604 /* UserWordStatModel.swift */; };
		C22371D6702E568750E09F6D /* MeDefaultTableViewCell.swift in Sources */ = {isa = PBXBuildFile; fileRef = C22AB017743E97CEC5E90306 /* MeDefaultTableViewCell.swift */; };
		C2239D71F7635AA9B09D4F1C /* Reactive+Extension.swift in Sources */ = {isa = PBXBuildFile; fileRef = C22D6AFA3A3337F32ECF82F2 /* Reactive+Extension.swift */; };
		C223B8CA22BAD683312E2D07 /* UILabel+Extension.swift in Sources */ = {isa = PBXBuildFile; fileRef = C221A05B3AAE1A9A7A2CBE6B /* UILabel+Extension.swift */; };
		C2245100A4C1899EB0B8AFEA /* WordScanViewController.swift in Sources */ = {isa = PBXBuildFile; fileRef = C225833574CBA028B300E23A /* WordScanViewController.swift */; };
		C22469D560B17A9834B90461 /* QuestionModel.swift in Sources */ = {isa = PBXBuildFile; fileRef = C22743CB424F35F57C69342F /* QuestionModel.swift */; };
		C224B7A76DF0DE07811D9305 /* WordModel.swift in Sources */ = {isa = PBXBuildFile; fileRef = C222F448070E93539C4B3F03 /* WordModel.swift */; };
		C224BB86E44D45C4A0B25366 /* ExplainModel.swift in Sources */ = {isa = PBXBuildFile; fileRef = C2243DA421D2117CEC13F51A /* ExplainModel.swift */; };
		C22559357A977D3CF425A049 /* WordSentenceTableViewCell.swift in Sources */ = {isa = PBXBuildFile; fileRef = C2271C951A1D87464ABC96A5 /* WordSentenceTableViewCell.swift */; };
		C2265112502B0C95A4A16942 /* String+Extension.swift in Sources */ = {isa = PBXBuildFile; fileRef = C220453B026D8AF38BFC20F8 /* String+Extension.swift */; };
		C226D2BC457B8BFFAFDE6BD3 /* WordTitleTableViewCell.swift in Sources */ = {isa = PBXBuildFile; fileRef = C22CC81C0F1317BE812A05F5 /* WordTitleTableViewCell.swift */; };
		C227232EB3C65537E595E900 /* UIViewController+Extension.swift in Sources */ = {isa = PBXBuildFile; fileRef = C22BE2138C27DBD4323B7DCE /* UIViewController+Extension.swift */; };
		C22772467F1F55966320F47F /* SpeechListController.swift in Sources */ = {isa = PBXBuildFile; fileRef = C22B2C0504070406B222EE33 /* SpeechListController.swift */; };
		C2283E40DC2E308A6C1ED93B /* Date+Extension.swift in Sources */ = {isa = PBXBuildFile; fileRef = C224D1B137C5D3F8C7A64F6A /* Date+Extension.swift */; };
		C2289A9F3AB7FA1DC9DDEF25 /* LearnTestViewController.swift in Sources */ = {isa = PBXBuildFile; fileRef = C22CCFBE76B908C7E7F54A7F /* LearnTestViewController.swift */; };
		C2290808B8CCE0BEB6784614 /* QuestionView.swift in Sources */ = {isa = PBXBuildFile; fileRef = C226138A0FDB2CFA3AB3FEE9 /* QuestionView.swift */; };
		C2292F89128AC39DDA710D70 /* Consts.swift in Sources */ = {isa = PBXBuildFile; fileRef = C220DC1B5B66562737A2F7B3 /* Consts.swift */; };
		C2296269AC00F8AC98C84DC8 /* LearnRecordWordModel.swift in Sources */ = {isa = PBXBuildFile; fileRef = C2233EBABBF24EA7D9EA91F4 /* LearnRecordWordModel.swift */; };
		C229B6C87CEDCE8EE93A7FFC /* SpeechListTableViewCell.swift in Sources */ = {isa = PBXBuildFile; fileRef = C22C8BA8B05A3E99BB513CFC /* SpeechListTableViewCell.swift */; };
		C22A5B215B4BECC1B1EEF533 /* QuestionViewController.swift in Sources */ = {isa = PBXBuildFile; fileRef = C221590D741825FF89945CCE /* QuestionViewController.swift */; };
		C22AF6B70C40D5A8FBB58CDB /* UserWordStatController.swift in Sources */ = {isa = PBXBuildFile; fileRef = C22A5130ACA999CFFB341AE4 /* UserWordStatController.swift */; };
		C22B110B647A524BBDC8EC5A /* AlamofireSessionManager.swift in Sources */ = {isa = PBXBuildFile; fileRef = C226B550015F75E295072F20 /* AlamofireSessionManager.swift */; };
		C22BA643965A2A78AA669F2D /* MeViewController.swift in Sources */ = {isa = PBXBuildFile; fileRef = C221B046F8360B69D24F83C4 /* MeViewController.swift */; };
		C22CBCDD666A453EEF1D040B /* LayoutViewController.swift in Sources */ = {isa = PBXBuildFile; fileRef = C224782FB8D8C5BA00A465BE /* LayoutViewController.swift */; };
		C22D98D1672532A8730960AA /* JSONEncoder+Extension.swift in Sources */ = {isa = PBXBuildFile; fileRef = C22FA7C65BC94D791EE8DFD6 /* JSONEncoder+Extension.swift */; };
		C22E72A496E622CE14DB3CBC /* WordViewController.swift in Sources */ = {isa = PBXBuildFile; fileRef = C22AEE5BCAFE2EC81953D16D /* WordViewController.swift */; };
		C22EEF2B9F0653BE28EBACDB /* DictionaryApi.swift in Sources */ = {isa = PBXBuildFile; fileRef = C2207FE837BC256E49304E3E /* DictionaryApi.swift */; };
		C22EEFD0473B65677C5227AC /* LearnRecordModel.swift in Sources */ = {isa = PBXBuildFile; fileRef = C224763652327DFDD632D367 /* LearnRecordModel.swift */; };
		C22F27E5D716D916EB554F48 /* UserWordStatListTableViewCell.swift in Sources */ = {isa = PBXBuildFile; fileRef = C220330B6323F7AC92080E66 /* UserWordStatListTableViewCell.swift */; };
		DF04E1ECB14B6330EE25E6D7 /* libPods-AVA-Swift.a in Frameworks */ = {isa = PBXBuildFile; fileRef = FD0F3D406D02057875D46AD5 /* libPods-AVA-Swift.a */; };
/* End PBXBuildFile section */

/* Begin PBXFileReference section */
		06098B3E1C52171D00848159 /* LoginViewController.swift */ = {isa = PBXFileReference; fileEncoding = 4; lastKnownFileType = sourcecode.swift; path = LoginViewController.swift; sourceTree = "<group>"; };
		0610F1AF1C46136300481402 /* BaseModel.swift */ = {isa = PBXFileReference; fileEncoding = 4; lastKnownFileType = sourcecode.swift; path = BaseModel.swift; sourceTree = "<group>"; };
		0610F1B31C46491800481402 /* V2EXNavigationController.swift */ = {isa = PBXFileReference; fileEncoding = 4; lastKnownFileType = sourcecode.swift; path = V2EXNavigationController.swift; sourceTree = "<group>"; };
		0614FDC81CB371A600C3740A /* V2LeftAlignedCollectionViewFlowLayout.swift */ = {isa = PBXFileReference; fileEncoding = 4; lastKnownFileType = sourcecode.swift; path = V2LeftAlignedCollectionViewFlowLayout.swift; sourceTree = "<group>"; };
		0648F4AB1C54FC3F00475567 /* V2EXSettings.swift */ = {isa = PBXFileReference; fileEncoding = 4; lastKnownFileType = sourcecode.swift; path = V2EXSettings.swift; sourceTree = "<group>"; };
		064F03B11ED5700C0094683D /* V2EXTargetType.swift */ = {isa = PBXFileReference; fileEncoding = 4; lastKnownFileType = sourcecode.swift; path = V2EXTargetType.swift; sourceTree = "<group>"; };
		0653CFA71C44E0B200E4FC05 /* UITableView+FINAutomaticHeightCell.swift */ = {isa = PBXFileReference; fileEncoding = 4; lastKnownFileType = sourcecode.swift; path = "UITableView+FINAutomaticHeightCell.swift"; sourceTree = "<group>"; };
		0666E0EF1DBF49C0009A1F71 /* WebViewImageProtocol.swift */ = {isa = PBXFileReference; fileEncoding = 4; lastKnownFileType = sourcecode.swift; path = WebViewImageProtocol.swift; sourceTree = "<group>"; };
		0678D2041C61B423007FFCFD /* UIImage+Extension.swift */ = {isa = PBXFileReference; fileEncoding = 4; lastKnownFileType = sourcecode.swift; path = "UIImage+Extension.swift"; sourceTree = "<group>"; };
		0678D20B1C61EAA8007FFCFD /* UIImageView+Extension.swift */ = {isa = PBXFileReference; fileEncoding = 4; lastKnownFileType = sourcecode.swift; path = "UIImageView+Extension.swift"; sourceTree = "<group>"; };
		0678F47020CE388E0048A64B /* Observable+Extension.swift */ = {isa = PBXFileReference; lastKnownFileType = sourcecode.swift; path = "Observable+Extension.swift"; sourceTree = "<group>"; };
		069508E01C3F74FF0088D031 /* AVA.app */ = {isa = PBXFileReference; explicitFileType = wrapper.application; includeInIndex = 0; path = AVA.app; sourceTree = BUILT_PRODUCTS_DIR; };
		069508E31C3F74FF0088D031 /* AppDelegate.swift */ = {isa = PBXFileReference; lastKnownFileType = sourcecode.swift; path = AppDelegate.swift; sourceTree = "<group>"; };
		069508EA1C3F74FF0088D031 /* Assets.xcassets */ = {isa = PBXFileReference; lastKnownFileType = folder.assetcatalog; path = Assets.xcassets; sourceTree = "<group>"; };
		069508ED1C3F74FF0088D031 /* Base */ = {isa = PBXFileReference; lastKnownFileType = file.storyboard; name = Base; path = Base.lproj/LaunchScreen.storyboard; sourceTree = "<group>"; };
		069508EF1C3F74FF0088D031 /* Info.plist */ = {isa = PBXFileReference; lastKnownFileType = text.plist.xml; path = Info.plist; sourceTree = "<group>"; };
		069839771C4773D600FF7163 /* en */ = {isa = PBXFileReference; lastKnownFileType = text.plist.strings; name = en; path = en.lproj/Localizable.strings; sourceTree = "<group>"; };
		069839791C47740B00FF7163 /* zh-Hans */ = {isa = PBXFileReference; lastKnownFileType = text.plist.strings; name = "zh-Hans"; path = "zh-Hans.lproj/Localizable.strings"; sourceTree = "<group>"; };
		06A4907B1C67058800F6A063 /* Media.xcassets */ = {isa = PBXFileReference; lastKnownFileType = folder.assetcatalog; path = Media.xcassets; sourceTree = "<group>"; };
		06B6447D21B8D1A600D1BD46 /* V2HitTestSlopButton.swift */ = {isa = PBXFileReference; lastKnownFileType = sourcecode.swift; path = V2HitTestSlopButton.swift; sourceTree = "<group>"; };
		06BB48ED1C56096000A4A909 /* V2EXMentionedBindingParser.swift */ = {isa = PBXFileReference; fileEncoding = 4; lastKnownFileType = sourcecode.swift; path = V2EXMentionedBindingParser.swift; sourceTree = "<group>"; };
		06C49B6C1C43BFAB00684CA6 /* V2ex+Define.swift */ = {isa = PBXFileReference; fileEncoding = 4; lastKnownFileType = sourcecode.swift; path = "V2ex+Define.swift"; sourceTree = "<group>"; };
		06C532B51C534D3F00258A55 /* V2Response.swift */ = {isa = PBXFileReference; fileEncoding = 4; lastKnownFileType = sourcecode.swift; path = V2Response.swift; sourceTree = "<group>"; };
		06D0EE1E1C915CAD003095FF /* V2Style.swift */ = {isa = PBXFileReference; fileEncoding = 4; lastKnownFileType = sourcecode.swift; path = V2Style.swift; sourceTree = "<group>"; };
		06D0EE251C9165C3003095FF /* baseStyle.css */ = {isa = PBXFileReference; fileEncoding = 4; lastKnownFileType = text.css; path = baseStyle.css; sourceTree = "<group>"; };
		06D0EE261C9165C3003095FF /* darkStyle.css */ = {isa = PBXFileReference; fileEncoding = 4; lastKnownFileType = text.css; path = darkStyle.css; sourceTree = "<group>"; };
		06D0EE271C9165C3003095FF /* font.css */ = {isa = PBXFileReference; fileEncoding = 4; lastKnownFileType = text.css; path = font.css; sourceTree = "<group>"; };
		06D0EE281C9165C3003095FF /* lightStyle.css */ = {isa = PBXFileReference; fileEncoding = 4; lastKnownFileType = text.css; path = lightStyle.css; sourceTree = "<group>"; };
		06D300271C6C720800547CE6 /* V2UsersKeychain.swift */ = {isa = PBXFileReference; fileEncoding = 4; lastKnownFileType = sourcecode.swift; path = V2UsersKeychain.swift; sourceTree = "<group>"; };
		06DD400A1C43726600CE293D /* V2EXColor.swift */ = {isa = PBXFileReference; fileEncoding = 4; lastKnownFileType = sourcecode.swift; path = V2EXColor.swift; sourceTree = "<group>"; };
		06E145A51C60A9F400BDD63D /* Request+Extension.swift */ = {isa = PBXFileReference; fileEncoding = 4; lastKnownFileType = sourcecode.swift; path = "Request+Extension.swift"; sourceTree = "<group>"; };
		06E52F771E012A8000E69084 /* UIView+Extension.swift */ = {isa = PBXFileReference; fileEncoding = 4; lastKnownFileType = sourcecode.swift; path = "UIView+Extension.swift"; sourceTree = "<group>"; };
		06E52F791E01326900E69084 /* JSTools.js */ = {isa = PBXFileReference; fileEncoding = 4; lastKnownFileType = sourcecode.javascript; path = JSTools.js; sourceTree = "<group>"; };
		06E583881C3FA1CA00FCA361 /* UITableView+Extension.swift */ = {isa = PBXFileReference; fileEncoding = 4; lastKnownFileType = sourcecode.swift; path = "UITableView+Extension.swift"; sourceTree = "<group>"; };
		06FA34D01C8AA458001D6830 /* SVProgressHUD+Extension.swift */ = {isa = PBXFileReference; fileEncoding = 4; lastKnownFileType = sourcecode.swift; path = "SVProgressHUD+Extension.swift"; sourceTree = "<group>"; };
		2D43B43C1CAA2CDD007B0007 /* V2ProgressHUD.swift */ = {isa = PBXFileReference; fileEncoding = 4; lastKnownFileType = sourcecode.swift; path = V2ProgressHUD.swift; sourceTree = "<group>"; };
		2D6B1BAF1CA93F970050121D /* V2User.swift */ = {isa = PBXFileReference; fileEncoding = 4; lastKnownFileType = sourcecode.swift; path = V2User.swift; sourceTree = "<group>"; };
		4018432B23B04F540040DFC5 /* SampleArticleListController.swift */ = {isa = PBXFileReference; fileEncoding = 4; lastKnownFileType = sourcecode.swift; path = SampleArticleListController.swift; sourceTree = "<group>"; };
		4018432D23B04FA20040DFC5 /* WritingArticleModel.swift */ = {isa = PBXFileReference; fileEncoding = 4; lastKnownFileType = sourcecode.swift; path = WritingArticleModel.swift; sourceTree = "<group>"; };
		4018432F23B051500040DFC5 /* WritingApi.swift */ = {isa = PBXFileReference; fileEncoding = 4; lastKnownFileType = sourcecode.swift; path = WritingApi.swift; sourceTree = "<group>"; };
		4018433123B058FC0040DFC5 /* WritingListTableViewCell.swift */ = {isa = PBXFileReference; fileEncoding = 4; lastKnownFileType = sourcecode.swift; path = WritingListTableViewCell.swift; sourceTree = "<group>"; };
		4018433323B0648F0040DFC5 /* SampleArticleController.swift */ = {isa = PBXFileReference; fileEncoding = 4; lastKnownFileType = sourcecode.swift; path = SampleArticleController.swift; sourceTree = "<group>"; };
		4018433523B0A9390040DFC5 /* WritingHistoryModel.swift */ = {isa = PBXFileReference; fileEncoding = 4; lastKnownFileType = sourcecode.swift; path = WritingHistoryModel.swift; sourceTree = "<group>"; };
		4018433723B363880040DFC5 /* DiffModel.swift */ = {isa = PBXFileReference; fileEncoding = 4; lastKnownFileType = sourcecode.swift; path = DiffModel.swift; sourceTree = "<group>"; };
		4018433923BA18090040DFC5 /* MeCheckboxTableViewCell.swift */ = {isa = PBXFileReference; fileEncoding = 4; lastKnownFileType = sourcecode.swift; path = MeCheckboxTableViewCell.swift; sourceTree = "<group>"; };
		4018433B23BA23EE0040DFC5 /* MeSpliterTableViewCell.swift */ = {isa = PBXFileReference; fileEncoding = 4; lastKnownFileType = sourcecode.swift; path = MeSpliterTableViewCell.swift; sourceTree = "<group>"; };
		4018433D23BA2F710040DFC5 /* UIControl+Extension.swift */ = {isa = PBXFileReference; lastKnownFileType = sourcecode.swift; path = "UIControl+Extension.swift"; sourceTree = "<group>"; };
		4018433F23BCA0D10040DFC5 /* ITranslation.swift */ = {isa = PBXFileReference; lastKnownFileType = sourcecode.swift; path = ITranslation.swift; sourceTree = "<group>"; };
		402B07C822E84B59007DC5D2 /* SpeechApi.swift */ = {isa = PBXFileReference; fileEncoding = 4; lastKnownFileType = sourcecode.swift; path = SpeechApi.swift; sourceTree = "<group>"; };
		40370EF022B3382E00766293 /* ja */ = {isa = PBXFileReference; lastKnownFileType = text.plist.strings; name = ja; path = ja.lproj/Localizable.strings; sourceTree = "<group>"; };
		40370EF122B3385E00766293 /* ko */ = {isa = PBXFileReference; lastKnownFileType = text.plist.strings; name = ko; path = ko.lproj/LaunchScreen.strings; sourceTree = "<group>"; };
		40370EF222B3385E00766293 /* ko */ = {isa = PBXFileReference; lastKnownFileType = text.plist.strings; name = ko; path = ko.lproj/Localizable.strings; sourceTree = "<group>"; };
		40370EF322B3389C00766293 /* fr */ = {isa = PBXFileReference; lastKnownFileType = text.plist.strings; name = fr; path = fr.lproj/Localizable.strings; sourceTree = "<group>"; };
		4043E75922DDE5EF00BFCA7B /* TypIcons.ttf */ = {isa = PBXFileReference; lastKnownFileType = file; path = TypIcons.ttf; sourceTree = "<group>"; };
		4043E75A22DDE5EF00BFCA7B /* Linearicons.ttf */ = {isa = PBXFileReference; lastKnownFileType = file; path = Linearicons.ttf; sourceTree = "<group>"; };
		4043E75B22DDE5F000BFCA7B /* FontAwesomeRegular.ttf */ = {isa = PBXFileReference; lastKnownFileType = file; path = FontAwesomeRegular.ttf; sourceTree = "<group>"; };
		4043E75C22DDE5F000BFCA7B /* Emoji.ttf */ = {isa = PBXFileReference; lastKnownFileType = file; path = Emoji.ttf; sourceTree = "<group>"; };
		4043E75D22DDE5F000BFCA7B /* WeatherIcons.ttf */ = {isa = PBXFileReference; lastKnownFileType = file; path = WeatherIcons.ttf; sourceTree = "<group>"; };
		4043E75E22DDE5F000BFCA7B /* Ionicons.ttf */ = {isa = PBXFileReference; lastKnownFileType = file; path = Ionicons.ttf; sourceTree = "<group>"; };
		4043E75F22DDE5F000BFCA7B /* FontAwesomeSolid.ttf */ = {isa = PBXFileReference; lastKnownFileType = file; path = FontAwesomeSolid.ttf; sourceTree = "<group>"; };
		4043E76022DDE5F000BFCA7B /* Icofont.ttf */ = {isa = PBXFileReference; lastKnownFileType = file; path = Icofont.ttf; sourceTree = "<group>"; };
		4043E76122DDE5F000BFCA7B /* MapIcons.ttf */ = {isa = PBXFileReference; lastKnownFileType = file; path = MapIcons.ttf; sourceTree = "<group>"; };
		4043E76222DDE5F000BFCA7B /* FontAwesomeBrands.ttf */ = {isa = PBXFileReference; lastKnownFileType = file; path = FontAwesomeBrands.ttf; sourceTree = "<group>"; };
		4043E76322DDE5F000BFCA7B /* MaterialIcons.ttf */ = {isa = PBXFileReference; lastKnownFileType = file; path = MaterialIcons.ttf; sourceTree = "<group>"; };
		4043E76422DDE5F000BFCA7B /* Dripicons.ttf */ = {isa = PBXFileReference; lastKnownFileType = file; path = Dripicons.ttf; sourceTree = "<group>"; };
		4043E76522DDE5F000BFCA7B /* Stateface.ttf */ = {isa = PBXFileReference; lastKnownFileType = file; path = Stateface.ttf; sourceTree = "<group>"; };
		4043E76622DDE5F100BFCA7B /* OpenIconic.ttf */ = {isa = PBXFileReference; lastKnownFileType = file; path = OpenIconic.ttf; sourceTree = "<group>"; };
		4043E76722DDE5F100BFCA7B /* FontAwesome.ttf */ = {isa = PBXFileReference; lastKnownFileType = file; path = FontAwesome.ttf; sourceTree = "<group>"; };
		4081016722E8585900C6DA1B /* SpeechController.swift */ = {isa = PBXFileReference; fileEncoding = 4; lastKnownFileType = sourcecode.swift; path = SpeechController.swift; sourceTree = "<group>"; };
		4081016D22E858AF00C6DA1B /* PlayerMenuView.swift */ = {isa = PBXFileReference; fileEncoding = 4; lastKnownFileType = sourcecode.swift; path = PlayerMenuView.swift; sourceTree = "<group>"; };
		4081016E22E858AF00C6DA1B /* RecordMenuView.swift */ = {isa = PBXFileReference; fileEncoding = 4; lastKnownFileType = sourcecode.swift; path = RecordMenuView.swift; sourceTree = "<group>"; };
		4081017122E859BF00C6DA1B /* ParagraphModel.swift */ = {isa = PBXFileReference; fileEncoding = 4; lastKnownFileType = sourcecode.swift; path = ParagraphModel.swift; sourceTree = "<group>"; };
		4081017222E859BF00C6DA1B /* ParagraphSplitModel.swift */ = {isa = PBXFileReference; fileEncoding = 4; lastKnownFileType = sourcecode.swift; path = ParagraphSplitModel.swift; sourceTree = "<group>"; };
		4081017522E85FC000C6DA1B /* Downloader.swift */ = {isa = PBXFileReference; fileEncoding = 4; lastKnownFileType = sourcecode.swift; path = Downloader.swift; sourceTree = "<group>"; };
		4081017722E8600700C6DA1B /* DateTimeUtil.swift */ = {isa = PBXFileReference; fileEncoding = 4; lastKnownFileType = sourcecode.swift; path = DateTimeUtil.swift; sourceTree = "<group>"; };
		4081017922E8600F00C6DA1B /* HttpClient.swift */ = {isa = PBXFileReference; fileEncoding = 4; lastKnownFileType = sourcecode.swift; path = HttpClient.swift; sourceTree = "<group>"; };
		4081017B22EAC45E00C6DA1B /* V2RefreshHeader.swift */ = {isa = PBXFileReference; fileEncoding = 4; lastKnownFileType = sourcecode.swift; path = V2RefreshHeader.swift; sourceTree = "<group>"; };
		4081017C22EAC45E00C6DA1B /* V2LoadingView.swift */ = {isa = PBXFileReference; fileEncoding = 4; lastKnownFileType = sourcecode.swift; path = V2LoadingView.swift; sourceTree = "<group>"; };
		4081017D22EAC45E00C6DA1B /* V2RefreshFooter.swift */ = {isa = PBXFileReference; fileEncoding = 4; lastKnownFileType = sourcecode.swift; path = V2RefreshFooter.swift; sourceTree = "<group>"; };
		4081018122EACB1300C6DA1B /* UserModel.swift */ = {isa = PBXFileReference; fileEncoding = 4; lastKnownFileType = sourcecode.swift; path = UserModel.swift; sourceTree = "<group>"; };
		4081018322EFE4D600C6DA1B /* ReadingBrowserController.swift */ = {isa = PBXFileReference; fileEncoding = 4; lastKnownFileType = sourcecode.swift; path = ReadingBrowserController.swift; sourceTree = "<group>"; };
		4081018522F0292300C6DA1B /* BookMarkModel.swift */ = {isa = PBXFileReference; fileEncoding = 4; lastKnownFileType = sourcecode.swift; path = BookMarkModel.swift; sourceTree = "<group>"; };
		4081018722F084CB00C6DA1B /* UITextField+Extension.swift */ = {isa = PBXFileReference; fileEncoding = 4; lastKnownFileType = sourcecode.swift; path = "UITextField+Extension.swift"; sourceTree = "<group>"; };
		4081018922F2B50A00C6DA1B /* ReadingApi.swift */ = {isa = PBXFileReference; fileEncoding = 4; lastKnownFileType = sourcecode.swift; path = ReadingApi.swift; sourceTree = "<group>"; };
		4081018B22F3D5F200C6DA1B /* UserBookRightFloatView.swift */ = {isa = PBXFileReference; lastKnownFileType = sourcecode.swift; path = UserBookRightFloatView.swift; sourceTree = "<group>"; };
		409FBC0B22E7119E00B1AA26 /* ArticleModel.swift */ = {isa = PBXFileReference; fileEncoding = 4; lastKnownFileType = sourcecode.swift; path = ArticleModel.swift; sourceTree = "<group>"; };
		40B0E4BC239004200039B550 /* WordListController.swift */ = {isa = PBXFileReference; fileEncoding = 4; lastKnownFileType = sourcecode.swift; path = WordListController.swift; sourceTree = "<group>"; };
		40B0E4BE239004830039B550 /* WordListTableViewCell.swift */ = {isa = PBXFileReference; fileEncoding = 4; lastKnownFileType = sourcecode.swift; path = WordListTableViewCell.swift; sourceTree = "<group>"; };
		40B0E4C02390F7580039B550 /* Double+Extension.swift */ = {isa = PBXFileReference; lastKnownFileType = sourcecode.swift; path = "Double+Extension.swift"; sourceTree = "<group>"; };
		40CD259423CF054B0032C5E2 /* PrivacyController.swift */ = {isa = PBXFileReference; fileEncoding = 4; lastKnownFileType = sourcecode.swift; path = PrivacyController.swift; sourceTree = "<group>"; };
		40D06FF5238BBECF00E2BB83 /* MediaModel.swift */ = {isa = PBXFileReference; fileEncoding = 4; lastKnownFileType = sourcecode.swift; path = MediaModel.swift; sourceTree = "<group>"; };
		40D06FF7238BD42C00E2BB83 /* MediaUsages.swift */ = {isa = PBXFileReference; fileEncoding = 4; lastKnownFileType = sourcecode.swift; path = MediaUsages.swift; sourceTree = "<group>"; };
		44B6C123CE7CA62B5B4450D9 /* Pods-AVA-Swift.debug.xcconfig */ = {isa = PBXFileReference; includeInIndex = 1; lastKnownFileType = text.xcconfig; name = "Pods-AVA-Swift.debug.xcconfig"; path = "Pods/Target Support Files/Pods-AVA-Swift/Pods-AVA-Swift.debug.xcconfig"; sourceTree = "<group>"; };
		61362A97378A23EFC5EDD56C /* Pods.framework */ = {isa = PBXFileReference; explicitFileType = wrapper.framework; includeInIndex = 0; path = Pods.framework; sourceTree = BUILT_PRODUCTS_DIR; };
		8037FC85233213BE00DB34ED /* CALayer+Extension.swift */ = {isa = PBXFileReference; lastKnownFileType = sourcecode.swift; path = "CALayer+Extension.swift"; sourceTree = "<group>"; };
		804B9491234B665200369936 /* UITextView+Extension.swift */ = {isa = PBXFileReference; lastKnownFileType = sourcecode.swift; path = "UITextView+Extension.swift"; sourceTree = "<group>"; };
		804B9493234B785000369936 /* OtherApi.swift */ = {isa = PBXFileReference; fileEncoding = 4; lastKnownFileType = sourcecode.swift; path = OtherApi.swift; sourceTree = "<group>"; };
		804B9495234B804600369936 /* GoogleTransModel.swift */ = {isa = PBXFileReference; lastKnownFileType = sourcecode.swift; path = GoogleTransModel.swift; sourceTree = "<group>"; };
		804B9497234B8AC000369936 /* MyWKWebView.swift */ = {isa = PBXFileReference; lastKnownFileType = sourcecode.swift; path = MyWKWebView.swift; sourceTree = "<group>"; };
		804B9499234F2B9900369936 /* WordSearch.swift */ = {isa = PBXFileReference; lastKnownFileType = sourcecode.swift; path = WordSearch.swift; sourceTree = "<group>"; };
		804B949B234F33B500369936 /* Langs.swift */ = {isa = PBXFileReference; lastKnownFileType = sourcecode.swift; path = Langs.swift; sourceTree = "<group>"; };
		806C8C1E2312A87D00FB2378 /* LearnTestRightFloatView.swift */ = {isa = PBXFileReference; fileEncoding = 4; lastKnownFileType = sourcecode.swift; path = LearnTestRightFloatView.swift; sourceTree = "<group>"; };
		80C75C8123150F8A00144CF1 /* BookMarkListTableViewCell.swift */ = {isa = PBXFileReference; fileEncoding = 4; lastKnownFileType = sourcecode.swift; path = BookMarkListTableViewCell.swift; sourceTree = "<group>"; };
		C220330B6323F7AC92080E66 /* UserWordStatListTableViewCell.swift */ = {isa = PBXFileReference; fileEncoding = 4; lastKnownFileType = sourcecode.swift; path = UserWordStatListTableViewCell.swift; sourceTree = "<group>"; };
		C220453B026D8AF38BFC20F8 /* String+Extension.swift */ = {isa = PBXFileReference; fileEncoding = 4; lastKnownFileType = sourcecode.swift; path = "String+Extension.swift"; sourceTree = "<group>"; };
		C2207FE837BC256E49304E3E /* DictionaryApi.swift */ = {isa = PBXFileReference; fileEncoding = 4; lastKnownFileType = sourcecode.swift; path = DictionaryApi.swift; sourceTree = "<group>"; };
		C220DC1B5B66562737A2F7B3 /* Consts.swift */ = {isa = PBXFileReference; fileEncoding = 4; lastKnownFileType = sourcecode.swift; path = Consts.swift; sourceTree = "<group>"; };
		C22139B81026470D3B418227 /* BookMarkListController.swift */ = {isa = PBXFileReference; fileEncoding = 4; lastKnownFileType = sourcecode.swift; path = BookMarkListController.swift; sourceTree = "<group>"; };
		C221590D741825FF89945CCE /* QuestionViewController.swift */ = {isa = PBXFileReference; fileEncoding = 4; lastKnownFileType = sourcecode.swift; path = QuestionViewController.swift; sourceTree = "<group>"; };
		C221A05B3AAE1A9A7A2CBE6B /* UILabel+Extension.swift */ = {isa = PBXFileReference; fileEncoding = 4; lastKnownFileType = sourcecode.swift; path = "UILabel+Extension.swift"; sourceTree = "<group>"; };
		C221B046F8360B69D24F83C4 /* MeViewController.swift */ = {isa = PBXFileReference; fileEncoding = 4; lastKnownFileType = sourcecode.swift; path = MeViewController.swift; sourceTree = "<group>"; };
		C222F448070E93539C4B3F03 /* WordModel.swift */ = {isa = PBXFileReference; fileEncoding = 4; lastKnownFileType = sourcecode.swift; path = WordModel.swift; sourceTree = "<group>"; };
		C2233EBABBF24EA7D9EA91F4 /* LearnRecordWordModel.swift */ = {isa = PBXFileReference; fileEncoding = 4; lastKnownFileType = sourcecode.swift; path = LearnRecordWordModel.swift; sourceTree = "<group>"; };
		C2243DA421D2117CEC13F51A /* ExplainModel.swift */ = {isa = PBXFileReference; fileEncoding = 4; lastKnownFileType = sourcecode.swift; path = ExplainModel.swift; sourceTree = "<group>"; };
		C224763652327DFDD632D367 /* LearnRecordModel.swift */ = {isa = PBXFileReference; fileEncoding = 4; lastKnownFileType = sourcecode.swift; path = LearnRecordModel.swift; sourceTree = "<group>"; };
		C224782FB8D8C5BA00A465BE /* LayoutViewController.swift */ = {isa = PBXFileReference; fileEncoding = 4; lastKnownFileType = sourcecode.swift; path = LayoutViewController.swift; sourceTree = "<group>"; };
		C224D1B137C5D3F8C7A64F6A /* Date+Extension.swift */ = {isa = PBXFileReference; fileEncoding = 4; lastKnownFileType = sourcecode.swift; path = "Date+Extension.swift"; sourceTree = "<group>"; };
		C225833574CBA028B300E23A /* WordScanViewController.swift */ = {isa = PBXFileReference; fileEncoding = 4; lastKnownFileType = sourcecode.swift; path = WordScanViewController.swift; sourceTree = "<group>"; };
		C226138A0FDB2CFA3AB3FEE9 /* QuestionView.swift */ = {isa = PBXFileReference; fileEncoding = 4; lastKnownFileType = sourcecode.swift; path = QuestionView.swift; sourceTree = "<group>"; };
		C226B550015F75E295072F20 /* AlamofireSessionManager.swift */ = {isa = PBXFileReference; fileEncoding = 4; lastKnownFileType = sourcecode.swift; path = AlamofireSessionManager.swift; sourceTree = "<group>"; };
		C2271C951A1D87464ABC96A5 /* WordSentenceTableViewCell.swift */ = {isa = PBXFileReference; fileEncoding = 4; lastKnownFileType = sourcecode.swift; path = WordSentenceTableViewCell.swift; sourceTree = "<group>"; };
		C22743CB424F35F57C69342F /* QuestionModel.swift */ = {isa = PBXFileReference; fileEncoding = 4; lastKnownFileType = sourcecode.swift; path = QuestionModel.swift; sourceTree = "<group>"; };
		C22917FFECB49F9DBE49B604 /* UserWordStatModel.swift */ = {isa = PBXFileReference; fileEncoding = 4; lastKnownFileType = sourcecode.swift; path = UserWordStatModel.swift; sourceTree = "<group>"; };
		C22A5130ACA999CFFB341AE4 /* UserWordStatController.swift */ = {isa = PBXFileReference; fileEncoding = 4; lastKnownFileType = sourcecode.swift; path = UserWordStatController.swift; sourceTree = "<group>"; };
		C22AB017743E97CEC5E90306 /* MeDefaultTableViewCell.swift */ = {isa = PBXFileReference; fileEncoding = 4; lastKnownFileType = sourcecode.swift; path = MeDefaultTableViewCell.swift; sourceTree = "<group>"; };
		C22AEE5BCAFE2EC81953D16D /* WordViewController.swift */ = {isa = PBXFileReference; fileEncoding = 4; lastKnownFileType = sourcecode.swift; path = WordViewController.swift; sourceTree = "<group>"; };
		C22B2C0504070406B222EE33 /* SpeechListController.swift */ = {isa = PBXFileReference; fileEncoding = 4; lastKnownFileType = sourcecode.swift; path = SpeechListController.swift; sourceTree = "<group>"; };
		C22B4CA62193A800C2B0758F /* SentenceModel.swift */ = {isa = PBXFileReference; fileEncoding = 4; lastKnownFileType = sourcecode.swift; path = SentenceModel.swift; sourceTree = "<group>"; };
		C22BE2138C27DBD4323B7DCE /* UIViewController+Extension.swift */ = {isa = PBXFileReference; fileEncoding = 4; lastKnownFileType = sourcecode.swift; path = "UIViewController+Extension.swift"; sourceTree = "<group>"; };
		C22C8BA8B05A3E99BB513CFC /* SpeechListTableViewCell.swift */ = {isa = PBXFileReference; fileEncoding = 4; lastKnownFileType = sourcecode.swift; path = SpeechListTableViewCell.swift; sourceTree = "<group>"; };
		C22CC81C0F1317BE812A05F5 /* WordTitleTableViewCell.swift */ = {isa = PBXFileReference; fileEncoding = 4; lastKnownFileType = sourcecode.swift; path = WordTitleTableViewCell.swift; sourceTree = "<group>"; };
		C22CCFBE76B908C7E7F54A7F /* LearnTestViewController.swift */ = {isa = PBXFileReference; fileEncoding = 4; lastKnownFileType = sourcecode.swift; path = LearnTestViewController.swift; sourceTree = "<group>"; };
		C22D6AFA3A3337F32ECF82F2 /* Reactive+Extension.swift */ = {isa = PBXFileReference; fileEncoding = 4; lastKnownFileType = sourcecode.swift; path = "Reactive+Extension.swift"; sourceTree = "<group>"; };
		C22FA7C65BC94D791EE8DFD6 /* JSONEncoder+Extension.swift */ = {isa = PBXFileReference; fileEncoding = 4; lastKnownFileType = sourcecode.swift; path = "JSONEncoder+Extension.swift"; sourceTree = "<group>"; };
		E02BB9E4AF9F5BC0AE459911 /* Pods-AVA-Swift.release.xcconfig */ = {isa = PBXFileReference; includeInIndex = 1; lastKnownFileType = text.xcconfig; name = "Pods-AVA-Swift.release.xcconfig"; path = "Pods/Target Support Files/Pods-AVA-Swift/Pods-AVA-Swift.release.xcconfig"; sourceTree = "<group>"; };
		FD0F3D406D02057875D46AD5 /* libPods-AVA-Swift.a */ = {isa = PBXFileReference; explicitFileType = archive.ar; includeInIndex = 0; path = "libPods-AVA-Swift.a"; sourceTree = BUILT_PRODUCTS_DIR; };
/* End PBXFileReference section */

/* Begin PBXFrameworksBuildPhase section */
		069508DD1C3F74FF0088D031 /* Frameworks */ = {
			isa = PBXFrameworksBuildPhase;
			buildActionMask = 2147483647;
			files = (
				DF04E1ECB14B6330EE25E6D7 /* libPods-AVA-Swift.a in Frameworks */,
			);
			runOnlyForDeploymentPostprocessing = 0;
		};
/* End PBXFrameworksBuildPhase section */

/* Begin PBXGroup section */
		0620DA01214F56E800761FBB /* API */ = {
			isa = PBXGroup;
			children = (
				804B9493234B785000369936 /* OtherApi.swift */,
				C2207FE837BC256E49304E3E /* DictionaryApi.swift */,
				4081018922F2B50A00C6DA1B /* ReadingApi.swift */,
				402B07C822E84B59007DC5D2 /* SpeechApi.swift */,
				4018432F23B051500040DFC5 /* WritingApi.swift */,
			);
			path = API;
			sourceTree = "<group>";
		};
		0653CFA61C44E09B00E4FC05 /* UITableView+FINAutomaticHeightCell */ = {
			isa = PBXGroup;
			children = (
				0653CFA71C44E0B200E4FC05 /* UITableView+FINAutomaticHeightCell.swift */,
			);
			path = "UITableView+FINAutomaticHeightCell";
			sourceTree = "<group>";
		};
		0678D2031C61B3F0007FFCFD /* Extension */ = {
			isa = PBXGroup;
			children = (
				06E145A51C60A9F400BDD63D /* Request+Extension.swift */,
				0678D2041C61B423007FFCFD /* UIImage+Extension.swift */,
				0678D20B1C61EAA8007FFCFD /* UIImageView+Extension.swift */,
				06E583881C3FA1CA00FCA361 /* UITableView+Extension.swift */,
				06FA34D01C8AA458001D6830 /* SVProgressHUD+Extension.swift */,
				06E52F771E012A8000E69084 /* UIView+Extension.swift */,
				4081018722F084CB00C6DA1B /* UITextField+Extension.swift */,
				C220453B026D8AF38BFC20F8 /* String+Extension.swift */,
				C224D1B137C5D3F8C7A64F6A /* Date+Extension.swift */,
				C22D6AFA3A3337F32ECF82F2 /* Reactive+Extension.swift */,
				C221A05B3AAE1A9A7A2CBE6B /* UILabel+Extension.swift */,
				C22BE2138C27DBD4323B7DCE /* UIViewController+Extension.swift */,
				C22FA7C65BC94D791EE8DFD6 /* JSONEncoder+Extension.swift */,
				8037FC85233213BE00DB34ED /* CALayer+Extension.swift */,
				804B9491234B665200369936 /* UITextView+Extension.swift */,
				804B9497234B8AC000369936 /* MyWKWebView.swift */,
				40B0E4C02390F7580039B550 /* Double+Extension.swift */,
				4018433D23BA2F710040DFC5 /* UIControl+Extension.swift */,
			);
			name = Extension;
			sourceTree = "<group>";
		};
		0678F46F20CE31F30048A64B /* Moya */ = {
			isa = PBXGroup;
			children = (
				064F03B11ED5700C0094683D /* V2EXTargetType.swift */,
				0678F47020CE388E0048A64B /* Observable+Extension.swift */,
				C226B550015F75E295072F20 /* AlamofireSessionManager.swift */,
			);
			path = Moya;
			sourceTree = "<group>";
		};
		069508D71C3F74FF0088D031 = {
			isa = PBXGroup;
			children = (
				0698397A1C47763800FF7163 /* Resources */,
				069508F61C3F75A60088D031 /* Common */,
				069508F81C3F75A60088D031 /* Model */,
				069508F91C3F75AE0088D031 /* View */,
				069508F71C3F75A60088D031 /* Controller */,
				069508E21C3F74FF0088D031 /* V2ex-Swift */,
				069508E11C3F74FF0088D031 /* Products */,
				E7ECB16FBE422CEDA3C53BA0 /* Frameworks */,
				8DF88EA187BC60D6EAF15888 /* Pods */,
			);
			sourceTree = "<group>";
		};
		069508E11C3F74FF0088D031 /* Products */ = {
			isa = PBXGroup;
			children = (
				069508E01C3F74FF0088D031 /* AVA.app */,
			);
			name = Products;
			sourceTree = "<group>";
		};
		069508E21C3F74FF0088D031 /* V2ex-Swift */ = {
			isa = PBXGroup;
			children = (
				069508E31C3F74FF0088D031 /* AppDelegate.swift */,
				0610F1B31C46491800481402 /* V2EXNavigationController.swift */,
				069839781C4773D600FF7163 /* Localizable.strings */,
				069508EA1C3F74FF0088D031 /* Assets.xcassets */,
				069508EC1C3F74FF0088D031 /* LaunchScreen.storyboard */,
				069508EF1C3F74FF0088D031 /* Info.plist */,
			);
			path = "V2ex-Swift";
			sourceTree = "<group>";
		};
		069508F61C3F75A60088D031 /* Common */ = {
			isa = PBXGroup;
			children = (
				0678D2031C61B3F0007FFCFD /* Extension */,
				0653CFA61C44E09B00E4FC05 /* UITableView+FINAutomaticHeightCell */,
				06DD400A1C43726600CE293D /* V2EXColor.swift */,
				06D0EE1E1C915CAD003095FF /* V2Style.swift */,
				06C49B6C1C43BFAB00684CA6 /* V2ex+Define.swift */,
				06C532B51C534D3F00258A55 /* V2Response.swift */,
				0648F4AB1C54FC3F00475567 /* V2EXSettings.swift */,
				06BB48ED1C56096000A4A909 /* V2EXMentionedBindingParser.swift */,
				06D300271C6C720800547CE6 /* V2UsersKeychain.swift */,
				2D6B1BAF1CA93F970050121D /* V2User.swift */,
				2D43B43C1CAA2CDD007B0007 /* V2ProgressHUD.swift */,
				0614FDC81CB371A600C3740A /* V2LeftAlignedCollectionViewFlowLayout.swift */,
				0666E0EF1DBF49C0009A1F71 /* WebViewImageProtocol.swift */,
				06E52F791E01326900E69084 /* JSTools.js */,
				4081017522E85FC000C6DA1B /* Downloader.swift */,
				4081017722E8600700C6DA1B /* DateTimeUtil.swift */,
				4081017922E8600F00C6DA1B /* HttpClient.swift */,
				06B6447D21B8D1A600D1BD46 /* V2HitTestSlopButton.swift */,
				4018433F23BCA0D10040DFC5 /* ITranslation.swift */,
			);
			path = Common;
			sourceTree = "<group>";
		};
		069508F71C3F75A60088D031 /* Controller */ = {
			isa = PBXGroup;
			children = (
				06098B3E1C52171D00848159 /* LoginViewController.swift */,
				C22A5130ACA999CFFB341AE4 /* UserWordStatController.swift */,
				C224782FB8D8C5BA00A465BE /* LayoutViewController.swift */,
				C22B2C0504070406B222EE33 /* SpeechListController.swift */,
				4018432B23B04F540040DFC5 /* SampleArticleListController.swift */,
				4081016722E8585900C6DA1B /* SpeechController.swift */,
				4018433323B0648F0040DFC5 /* SampleArticleController.swift */,
				C225833574CBA028B300E23A /* WordScanViewController.swift */,
				C22AEE5BCAFE2EC81953D16D /* WordViewController.swift */,
				C221590D741825FF89945CCE /* QuestionViewController.swift */,
				C226138A0FDB2CFA3AB3FEE9 /* QuestionView.swift */,
				C22CCFBE76B908C7E7F54A7F /* LearnTestViewController.swift */,
				C221B046F8360B69D24F83C4 /* MeViewController.swift */,
				C22139B81026470D3B418227 /* BookMarkListController.swift */,
				40B0E4BC239004200039B550 /* WordListController.swift */,
				4081018322EFE4D600C6DA1B /* ReadingBrowserController.swift */,
				40CD259423CF054B0032C5E2 /* PrivacyController.swift */,
			);
			path = Controller;
			sourceTree = "<group>";
		};
		069508F81C3F75A60088D031 /* Model */ = {
			isa = PBXGroup;
			children = (
				0620DA01214F56E800761FBB /* API */,
				0678F46F20CE31F30048A64B /* Moya */,
				0610F1AF1C46136300481402 /* BaseModel.swift */,
				4081018122EACB1300C6DA1B /* UserModel.swift */,
				409FBC0B22E7119E00B1AA26 /* ArticleModel.swift */,
				4018432D23B04FA20040DFC5 /* WritingArticleModel.swift */,
				4018433523B0A9390040DFC5 /* WritingHistoryModel.swift */,
				4018433723B363880040DFC5 /* DiffModel.swift */,
				4081017122E859BF00C6DA1B /* ParagraphModel.swift */,
				4081017222E859BF00C6DA1B /* ParagraphSplitModel.swift */,
				40D06FF5238BBECF00E2BB83 /* MediaModel.swift */,
				4081018522F0292300C6DA1B /* BookMarkModel.swift */,
				C222F448070E93539C4B3F03 /* WordModel.swift */,
				804B9499234F2B9900369936 /* WordSearch.swift */,
				C2243DA421D2117CEC13F51A /* ExplainModel.swift */,
				C22B4CA62193A800C2B0758F /* SentenceModel.swift */,
				C224763652327DFDD632D367 /* LearnRecordModel.swift */,
				C220DC1B5B66562737A2F7B3 /* Consts.swift */,
				804B949B234F33B500369936 /* Langs.swift */,
				40D06FF7238BD42C00E2BB83 /* MediaUsages.swift */,
				C2233EBABBF24EA7D9EA91F4 /* LearnRecordWordModel.swift */,
				C22743CB424F35F57C69342F /* QuestionModel.swift */,
				C22917FFECB49F9DBE49B604 /* UserWordStatModel.swift */,
				804B9495234B804600369936 /* GoogleTransModel.swift */,
			);
			path = Model;
			sourceTree = "<group>";
		};
		069508F91C3F75AE0088D031 /* View */ = {
			isa = PBXGroup;
			children = (
				4081017C22EAC45E00C6DA1B /* V2LoadingView.swift */,
				4081017D22EAC45E00C6DA1B /* V2RefreshFooter.swift */,
				4081017B22EAC45E00C6DA1B /* V2RefreshHeader.swift */,
				C220330B6323F7AC92080E66 /* UserWordStatListTableViewCell.swift */,
				C2271C951A1D87464ABC96A5 /* WordSentenceTableViewCell.swift */,
				C22AB017743E97CEC5E90306 /* MeDefaultTableViewCell.swift */,
				4018433B23BA23EE0040DFC5 /* MeSpliterTableViewCell.swift */,
				4018433923BA18090040DFC5 /* MeCheckboxTableViewCell.swift */,
				C22CC81C0F1317BE812A05F5 /* WordTitleTableViewCell.swift */,
				C22C8BA8B05A3E99BB513CFC /* SpeechListTableViewCell.swift */,
				4018433123B058FC0040DFC5 /* WritingListTableViewCell.swift */,
				80C75C8123150F8A00144CF1 /* BookMarkListTableViewCell.swift */,
				40B0E4BE239004830039B550 /* WordListTableViewCell.swift */,
				4081016D22E858AF00C6DA1B /* PlayerMenuView.swift */,
				4081016E22E858AF00C6DA1B /* RecordMenuView.swift */,
				4081018B22F3D5F200C6DA1B /* UserBookRightFloatView.swift */,
				806C8C1E2312A87D00FB2378 /* LearnTestRightFloatView.swift */,
			);
			path = View;
			sourceTree = "<group>";
		};
		0698397A1C47763800FF7163 /* Resources */ = {
			isa = PBXGroup;
			children = (
				4043E75822DDE59D00BFCA7B /* Fonts */,
				06D0EE241C916566003095FF /* CSS */,
				06A4907B1C67058800F6A063 /* Media.xcassets */,
			);
			path = Resources;
			sourceTree = "<group>";
		};
		06D0EE241C916566003095FF /* CSS */ = {
			isa = PBXGroup;
			children = (
				06D0EE251C9165C3003095FF /* baseStyle.css */,
				06D0EE271C9165C3003095FF /* font.css */,
				06D0EE261C9165C3003095FF /* darkStyle.css */,
				06D0EE281C9165C3003095FF /* lightStyle.css */,
			);
			path = CSS;
			sourceTree = "<group>";
		};
		4043E75822DDE59D00BFCA7B /* Fonts */ = {
			isa = PBXGroup;
			children = (
				4043E76422DDE5F000BFCA7B /* Dripicons.ttf */,
				4043E75C22DDE5F000BFCA7B /* Emoji.ttf */,
				4043E76722DDE5F100BFCA7B /* FontAwesome.ttf */,
				4043E76222DDE5F000BFCA7B /* FontAwesomeBrands.ttf */,
				4043E75B22DDE5F000BFCA7B /* FontAwesomeRegular.ttf */,
				4043E75F22DDE5F000BFCA7B /* FontAwesomeSolid.ttf */,
				4043E76022DDE5F000BFCA7B /* Icofont.ttf */,
				4043E75E22DDE5F000BFCA7B /* Ionicons.ttf */,
				4043E75A22DDE5EF00BFCA7B /* Linearicons.ttf */,
				4043E76122DDE5F000BFCA7B /* MapIcons.ttf */,
				4043E76322DDE5F000BFCA7B /* MaterialIcons.ttf */,
				4043E76622DDE5F100BFCA7B /* OpenIconic.ttf */,
				4043E76522DDE5F000BFCA7B /* Stateface.ttf */,
				4043E75922DDE5EF00BFCA7B /* TypIcons.ttf */,
				4043E75D22DDE5F000BFCA7B /* WeatherIcons.ttf */,
			);
			path = Fonts;
			sourceTree = "<group>";
		};
		8DF88EA187BC60D6EAF15888 /* Pods */ = {
			isa = PBXGroup;
			children = (
				44B6C123CE7CA62B5B4450D9 /* Pods-AVA-Swift.debug.xcconfig */,
				E02BB9E4AF9F5BC0AE459911 /* Pods-AVA-Swift.release.xcconfig */,
			);
			name = Pods;
			sourceTree = "<group>";
		};
		E7ECB16FBE422CEDA3C53BA0 /* Frameworks */ = {
			isa = PBXGroup;
			children = (
				61362A97378A23EFC5EDD56C /* Pods.framework */,
				FD0F3D406D02057875D46AD5 /* libPods-AVA-Swift.a */,
			);
			name = Frameworks;
			sourceTree = "<group>";
		};
/* End PBXGroup section */

/* Begin PBXNativeTarget section */
		069508DF1C3F74FF0088D031 /* AVA-Swift */ = {
			isa = PBXNativeTarget;
			buildConfigurationList = 069508F21C3F74FF0088D031 /* Build configuration list for PBXNativeTarget "AVA-Swift" */;
			buildPhases = (
				AA63AF201CF29D0554C1B2AC /* [CP] Check Pods Manifest.lock */,
				069508DC1C3F74FF0088D031 /* Sources */,
				069508DD1C3F74FF0088D031 /* Frameworks */,
				069508DE1C3F74FF0088D031 /* Resources */,
				0600D8081C74209E002DB97F /* Run Script */,
				E8038E4E35A14C64D67C20D0 /* [CP] Copy Pods Resources */,
			);
			buildRules = (
			);
			dependencies = (
			);
			name = "AVA-Swift";
			productName = "V2ex-Swift";
			productReference = 069508E01C3F74FF0088D031 /* AVA.app */;
			productType = "com.apple.product-type.application";
		};
/* End PBXNativeTarget section */

/* Begin PBXProject section */
		069508D81C3F74FF0088D031 /* Project object */ = {
			isa = PBXProject;
			attributes = {
				LastSwiftUpdateCheck = 0710;
				LastUpgradeCheck = 0800;
				ORGANIZATIONNAME = Fin;
				TargetAttributes = {
					069508DF1C3F74FF0088D031 = {
						CreatedOnToolsVersion = 7.1.1;
						DevelopmentTeam = 3ACUYF8X87;
						LastSwiftMigration = 0910;
						SystemCapabilities = {
							com.apple.BackgroundModes = {
								enabled = 1;
							};
						};
					};
				};
			};
			buildConfigurationList = 069508DB1C3F74FF0088D031 /* Build configuration list for PBXProject "AVA-Swift" */;
			compatibilityVersion = "Xcode 3.2";
			developmentRegion = English;
			hasScannedForEncodings = 0;
			knownRegions = (
				English,
				en,
				Base,
				"zh-Hans",
				ja,
				ko,
				fr,
			);
			mainGroup = 069508D71C3F74FF0088D031;
			productRefGroup = 069508E11C3F74FF0088D031 /* Products */;
			projectDirPath = "";
			projectRoot = "";
			targets = (
				069508DF1C3F74FF0088D031 /* AVA-Swift */,
			);
		};
/* End PBXProject section */

/* Begin PBXResourcesBuildPhase section */
		069508DE1C3F74FF0088D031 /* Resources */ = {
			isa = PBXResourcesBuildPhase;
			buildActionMask = 2147483647;
			files = (
				4043E76A22DDE5F100BFCA7B /* FontAwesomeRegular.ttf in Resources */,
				4043E77422DDE5F100BFCA7B /* Stateface.ttf in Resources */,
				4043E77122DDE5F100BFCA7B /* FontAwesomeBrands.ttf in Resources */,
				4043E76F22DDE5F100BFCA7B /* Icofont.ttf in Resources */,
				4043E77322DDE5F100BFCA7B /* Dripicons.ttf in Resources */,
				4043E77022DDE5F100BFCA7B /* MapIcons.ttf in Resources */,
				4043E77522DDE5F100BFCA7B /* OpenIconic.ttf in Resources */,
				06D0EE291C9165C3003095FF /* baseStyle.css in Resources */,
				4043E77222DDE5F100BFCA7B /* MaterialIcons.ttf in Resources */,
				06D0EE2B1C9165C3003095FF /* font.css in Resources */,
				069508EE1C3F74FF0088D031 /* LaunchScreen.storyboard in Resources */,
				06D0EE2C1C9165C3003095FF /* lightStyle.css in Resources */,
				06E52F7A1E01326900E69084 /* JSTools.js in Resources */,
				4043E76922DDE5F100BFCA7B /* Linearicons.ttf in Resources */,
				4043E76E22DDE5F100BFCA7B /* FontAwesomeSolid.ttf in Resources */,
				4043E76C22DDE5F100BFCA7B /* WeatherIcons.ttf in Resources */,
				069839761C4773D600FF7163 /* Localizable.strings in Resources */,
				069508EB1C3F74FF0088D031 /* Assets.xcassets in Resources */,
				4043E76822DDE5F100BFCA7B /* TypIcons.ttf in Resources */,
				4043E76B22DDE5F100BFCA7B /* Emoji.ttf in Resources */,
				06A4907C1C67058800F6A063 /* Media.xcassets in Resources */,
				06D0EE2A1C9165C3003095FF /* darkStyle.css in Resources */,
			);
			runOnlyForDeploymentPostprocessing = 0;
		};
/* End PBXResourcesBuildPhase section */

/* Begin PBXShellScriptBuildPhase section */
		0600D8081C74209E002DB97F /* Run Script */ = {
			isa = PBXShellScriptBuildPhase;
			buildActionMask = 2147483647;
			files = (
			);
			inputPaths = (
			);
			name = "Run Script";
			outputPaths = (
			);
			runOnlyForDeploymentPostprocessing = 0;
			shellPath = /bin/sh;
			shellScript = "if [ \"$CONFIGURATION\" == \"Release\" ]; then\n    echo \"fabric run Successfully\"\n    \"${PODS_ROOT}/Fabric/run\" e35a0878ffe50135a432ed19f88b19ba853f1a95 ed4490cfa5708117190644629735fd5abf04934826578407415ed78ff17d08ad\nelse\n    echo \"fabric disabled\"\nfi";
		};
		AA63AF201CF29D0554C1B2AC /* [CP] Check Pods Manifest.lock */ = {
			isa = PBXShellScriptBuildPhase;
			buildActionMask = 2147483647;
			files = (
			);
			inputPaths = (
				"${PODS_PODFILE_DIR_PATH}/Podfile.lock",
				"${PODS_ROOT}/Manifest.lock",
			);
			name = "[CP] Check Pods Manifest.lock";
			outputPaths = (
				"$(DERIVED_FILE_DIR)/Pods-AVA-Swift-checkManifestLockResult.txt",
			);
			runOnlyForDeploymentPostprocessing = 0;
			shellPath = /bin/sh;
			shellScript = "diff \"${PODS_PODFILE_DIR_PATH}/Podfile.lock\" \"${PODS_ROOT}/Manifest.lock\" > /dev/null\nif [ $? != 0 ] ; then\n    # print error to STDERR\n    echo \"error: The sandbox is not in sync with the Podfile.lock. Run 'pod install' or update your CocoaPods installation.\" >&2\n    exit 1\nfi\n# This output is used by Xcode 'outputs' to avoid re-running this script phase.\necho \"SUCCESS\" > \"${SCRIPT_OUTPUT_FILE_0}\"\n";
			showEnvVarsInLog = 0;
		};
		E8038E4E35A14C64D67C20D0 /* [CP] Copy Pods Resources */ = {
			isa = PBXShellScriptBuildPhase;
			buildActionMask = 2147483647;
			files = (
			);
			inputPaths = (
				"${PODS_ROOT}/Target Support Files/Pods-AVA-Swift/Pods-AVA-Swift-resources.sh",
				"${PODS_CONFIGURATION_BUILD_DIR}/1PasswordExtension/OnePasswordExtensionResources.bundle",
				"${PODS_ROOT}/DropDown/DropDown/resources/DropDownCell.xib",
				"${PODS_ROOT}/MJRefresh/MJRefresh/MJRefresh.bundle",
				"${PODS_ROOT}/SVProgressHUD/SVProgressHUD/SVProgressHUD.bundle",
				"${PODS_ROOT}/SwiftIconFont/SwiftIconFont/Resources/FontAwesome.ttf",
				"${PODS_ROOT}/SwiftIconFont/SwiftIconFont/Resources/Ionicons.ttf",
				"${PODS_ROOT}/SwiftIconFont/SwiftIconFont/Resources/map-icons.ttf",
				"${PODS_ROOT}/SwiftIconFont/SwiftIconFont/Resources/MaterialIcons-Regular.ttf",
				"${PODS_ROOT}/SwiftIconFont/SwiftIconFont/Resources/octicons.ttf",
				"${PODS_ROOT}/SwiftIconFont/SwiftIconFont/Resources/open-iconic.ttf",
				"${PODS_ROOT}/SwiftIconFont/SwiftIconFont/Resources/Segoe mdl2 assets.ttf",
				"${PODS_ROOT}/SwiftIconFont/SwiftIconFont/Resources/themify.ttf",
			);
			name = "[CP] Copy Pods Resources";
			outputPaths = (
				"${TARGET_BUILD_DIR}/${UNLOCALIZED_RESOURCES_FOLDER_PATH}/OnePasswordExtensionResources.bundle",
				"${TARGET_BUILD_DIR}/${UNLOCALIZED_RESOURCES_FOLDER_PATH}/DropDownCell.nib",
				"${TARGET_BUILD_DIR}/${UNLOCALIZED_RESOURCES_FOLDER_PATH}/MJRefresh.bundle",
				"${TARGET_BUILD_DIR}/${UNLOCALIZED_RESOURCES_FOLDER_PATH}/SVProgressHUD.bundle",
				"${TARGET_BUILD_DIR}/${UNLOCALIZED_RESOURCES_FOLDER_PATH}/FontAwesome.ttf",
				"${TARGET_BUILD_DIR}/${UNLOCALIZED_RESOURCES_FOLDER_PATH}/Ionicons.ttf",
				"${TARGET_BUILD_DIR}/${UNLOCALIZED_RESOURCES_FOLDER_PATH}/map-icons.ttf",
				"${TARGET_BUILD_DIR}/${UNLOCALIZED_RESOURCES_FOLDER_PATH}/MaterialIcons-Regular.ttf",
				"${TARGET_BUILD_DIR}/${UNLOCALIZED_RESOURCES_FOLDER_PATH}/octicons.ttf",
				"${TARGET_BUILD_DIR}/${UNLOCALIZED_RESOURCES_FOLDER_PATH}/open-iconic.ttf",
				"${TARGET_BUILD_DIR}/${UNLOCALIZED_RESOURCES_FOLDER_PATH}/Segoe mdl2 assets.ttf",
				"${TARGET_BUILD_DIR}/${UNLOCALIZED_RESOURCES_FOLDER_PATH}/themify.ttf",
			);
			runOnlyForDeploymentPostprocessing = 0;
			shellPath = /bin/sh;
			shellScript = "\"${PODS_ROOT}/Target Support Files/Pods-AVA-Swift/Pods-AVA-Swift-resources.sh\"\n";
			showEnvVarsInLog = 0;
		};
/* End PBXShellScriptBuildPhase section */

/* Begin PBXSourcesBuildPhase section */
		069508DC1C3F74FF0088D031 /* Sources */ = {
			isa = PBXSourcesBuildPhase;
			buildActionMask = 2147483647;
			files = (
				4018432C23B04F540040DFC5 /* SampleArticleListController.swift in Sources */,
				06B6447E21B8D1A600D1BD46 /* V2HitTestSlopButton.swift in Sources */,
				4081017E22EAC45E00C6DA1B /* V2RefreshHeader.swift in Sources */,
				0678D20C1C61EAA8007FFCFD /* UIImageView+Extension.swift in Sources */,
				4081017A22E8601000C6DA1B /* HttpClient.swift in Sources */,
				4018433623B0A9390040DFC5 /* WritingHistoryModel.swift in Sources */,
				06E52F781E012A8000E69084 /* UIView+Extension.swift in Sources */,
				4081016F22E858B000C6DA1B /* PlayerMenuView.swift in Sources */,
				06D300281C6C720800547CE6 /* V2UsersKeychain.swift in Sources */,
				0610F1B01C46136300481402 /* BaseModel.swift in Sources */,
				069508E41C3F74FF0088D031 /* AppDelegate.swift in Sources */,
				40B0E4BF239004830039B550 /* WordListTableViewCell.swift in Sources */,
				4081017622E85FC000C6DA1B /* Downloader.swift in Sources */,
				0614FDC91CB371A600C3740A /* V2LeftAlignedCollectionViewFlowLayout.swift in Sources */,
				0610F1B41C46491800481402 /* V2EXNavigationController.swift in Sources */,
				0678D2051C61B423007FFCFD /* UIImage+Extension.swift in Sources */,
				06D0EE1F1C915CAD003095FF /* V2Style.swift in Sources */,
				2D43B43D1CAA2CDD007B0007 /* V2ProgressHUD.swift in Sources */,
				4081018A22F2B50A00C6DA1B /* ReadingApi.swift in Sources */,
				4081017F22EAC45E00C6DA1B /* V2LoadingView.swift in Sources */,
				4018433823B363880040DFC5 /* DiffModel.swift in Sources */,
				4081018222EACB1300C6DA1B /* UserModel.swift in Sources */,
				06DD400B1C43726600CE293D /* V2EXColor.swift in Sources */,
				0678F47120CE388E0048A64B /* Observable+Extension.swift in Sources */,
				40CD259523CF054B0032C5E2 /* PrivacyController.swift in Sources */,
				804B9498234B8AC000369936 /* MyWKWebView.swift in Sources */,
				8037FC86233213BE00DB34ED /* CALayer+Extension.swift in Sources */,
				402B07C922E84B59007DC5D2 /* SpeechApi.swift in Sources */,
				064F03B21ED5700C0094683D /* V2EXTargetType.swift in Sources */,
				06098B3F1C52171D00848159 /* LoginViewController.swift in Sources */,
				06C49B6D1C43BFAB00684CA6 /* V2ex+Define.swift in Sources */,
				0666E0F01DBF49C0009A1F71 /* WebViewImageProtocol.swift in Sources */,
				06BB48EE1C56096000A4A909 /* V2EXMentionedBindingParser.swift in Sources */,
				4081018622F0292300C6DA1B /* BookMarkModel.swift in Sources */,
				0653CFA81C44E0B200E4FC05 /* UITableView+FINAutomaticHeightCell.swift in Sources */,
				806C8C1F2312A87D00FB2378 /* LearnTestRightFloatView.swift in Sources */,
				80C75C8223150F8A00144CF1 /* BookMarkListTableViewCell.swift in Sources */,
				06C532B61C534D3F00258A55 /* V2Response.swift in Sources */,
				06E145A61C60A9F400BDD63D /* Request+Extension.swift in Sources */,
				804B9492234B665200369936 /* UITextView+Extension.swift in Sources */,
				40B0E4C12390F7580039B550 /* Double+Extension.swift in Sources */,
				804B949A234F2B9900369936 /* WordSearch.swift in Sources */,
				4081017322E859BF00C6DA1B /* ParagraphModel.swift in Sources */,
				804B9494234B785000369936 /* OtherApi.swift in Sources */,
				4081018422EFE4D600C6DA1B /* ReadingBrowserController.swift in Sources */,
				2D6B1BB01CA93F970050121D /* V2User.swift in Sources */,
				0648F4AC1C54FC3F00475567 /* V2EXSettings.swift in Sources */,
				4081017422E859BF00C6DA1B /* ParagraphSplitModel.swift in Sources */,
				409FBC0C22E7119E00B1AA26 /* ArticleModel.swift in Sources */,
				4018433A23BA18090040DFC5 /* MeCheckboxTableViewCell.swift in Sources */,
				06E583891C3FA1CA00FCA361 /* UITableView+Extension.swift in Sources */,
				06FA34D11C8AA458001D6830 /* SVProgressHUD+Extension.swift in Sources */,
				4018433C23BA23EE0040DFC5 /* MeSpliterTableViewCell.swift in Sources */,
				C2265112502B0C95A4A16942 /* String+Extension.swift in Sources */,
				804B9496234B804600369936 /* GoogleTransModel.swift in Sources */,
				4081017022E858B000C6DA1B /* RecordMenuView.swift in Sources */,
				C22AF6B70C40D5A8FBB58CDB /* UserWordStatController.swift in Sources */,
				C22F27E5D716D916EB554F48 /* UserWordStatListTableViewCell.swift in Sources */,
				4081018C22F3D5F200C6DA1B /* UserBookRightFloatView.swift in Sources */,
				C22EEF2B9F0653BE28EBACDB /* DictionaryApi.swift in Sources */,
				C2283E40DC2E308A6C1ED93B /* Date+Extension.swift in Sources */,
				4018433423B0648F0040DFC5 /* SampleArticleController.swift in Sources */,
				4081018022EAC45E00C6DA1B /* V2RefreshFooter.swift in Sources */,
				4018432E23B04FA20040DFC5 /* WritingArticleModel.swift in Sources */,
				40B0E4BD239004200039B550 /* WordListController.swift in Sources */,
				C2239D71F7635AA9B09D4F1C /* Reactive+Extension.swift in Sources */,
				C22CBCDD666A453EEF1D040B /* LayoutViewController.swift in Sources */,
				4081016822E8585900C6DA1B /* SpeechController.swift in Sources */,
				C22772467F1F55966320F47F /* SpeechListController.swift in Sources */,
				C2245100A4C1899EB0B8AFEA /* WordScanViewController.swift in Sources */,
				C224B7A76DF0DE07811D9305 /* WordModel.swift in Sources */,
				4018433E23BA2F710040DFC5 /* UIControl+Extension.swift in Sources */,
				C224BB86E44D45C4A0B25366 /* ExplainModel.swift in Sources */,
				C2218B49B684C78B24DCC7CB /* SentenceModel.swift in Sources */,
				C22E72A496E622CE14DB3CBC /* WordViewController.swift in Sources */,
				C22559357A977D3CF425A049 /* WordSentenceTableViewCell.swift in Sources */,
				804B949C234F33B500369936 /* Langs.swift in Sources */,
				C226D2BC457B8BFFAFDE6BD3 /* WordTitleTableViewCell.swift in Sources */,
				C223B8CA22BAD683312E2D07 /* UILabel+Extension.swift in Sources */,
				4081017822E8600700C6DA1B /* DateTimeUtil.swift in Sources */,
				C22A5B215B4BECC1B1EEF533 /* QuestionViewController.swift in Sources */,
				C22EEFD0473B65677C5227AC /* LearnRecordModel.swift in Sources */,
				C2292F89128AC39DDA710D70 /* Consts.swift in Sources */,
				C2296269AC00F8AC98C84DC8 /* LearnRecordWordModel.swift in Sources */,
				C227232EB3C65537E595E900 /* UIViewController+Extension.swift in Sources */,
				C22469D560B17A9834B90461 /* QuestionModel.swift in Sources */,
				4081018822F084CB00C6DA1B /* UITextField+Extension.swift in Sources */,
				40D06FF6238BBECF00E2BB83 /* MediaModel.swift in Sources */,
				C2290808B8CCE0BEB6784614 /* QuestionView.swift in Sources */,
				4018433223B058FC0040DFC5 /* WritingListTableViewCell.swift in Sources */,
				C2289A9F3AB7FA1DC9DDEF25 /* LearnTestViewController.swift in Sources */,
				C22D98D1672532A8730960AA /* JSONEncoder+Extension.swift in Sources */,
				C22234C5A259CDD0E716B93D /* UserWordStatModel.swift in Sources */,
				C22B110B647A524BBDC8EC5A /* AlamofireSessionManager.swift in Sources */,
				4018434023BCA0D10040DFC5 /* ITranslation.swift in Sources */,
				C22BA643965A2A78AA669F2D /* MeViewController.swift in Sources */,
				C221092DC4F2BF6C34A42945 /* BookMarkListController.swift in Sources */,
				C22371D6702E568750E09F6D /* MeDefaultTableViewCell.swift in Sources */,
				4018433023B051500040DFC5 /* WritingApi.swift in Sources */,
				C229B6C87CEDCE8EE93A7FFC /* SpeechListTableViewCell.swift in Sources */,
				40D06FF8238BD42C00E2BB83 /* MediaUsages.swift in Sources */,
			);
			runOnlyForDeploymentPostprocessing = 0;
		};
/* End PBXSourcesBuildPhase section */

/* Begin PBXVariantGroup section */
		069508EC1C3F74FF0088D031 /* LaunchScreen.storyboard */ = {
			isa = PBXVariantGroup;
			children = (
				069508ED1C3F74FF0088D031 /* Base */,
				40370EF122B3385E00766293 /* ko */,
			);
			name = LaunchScreen.storyboard;
			sourceTree = "<group>";
		};
		069839781C4773D600FF7163 /* Localizable.strings */ = {
			isa = PBXVariantGroup;
			children = (
				069839771C4773D600FF7163 /* en */,
				069839791C47740B00FF7163 /* zh-Hans */,
				40370EF022B3382E00766293 /* ja */,
				40370EF222B3385E00766293 /* ko */,
				40370EF322B3389C00766293 /* fr */,
			);
			name = Localizable.strings;
			sourceTree = "<group>";
		};
/* End PBXVariantGroup section */

/* Begin XCBuildConfiguration section */
		069508F01C3F74FF0088D031 /* Debug */ = {
			isa = XCBuildConfiguration;
			buildSettings = {
				ALWAYS_SEARCH_USER_PATHS = NO;
				CLANG_ANALYZER_LOCALIZABILITY_NONLOCALIZED = YES;
				CLANG_CXX_LANGUAGE_STANDARD = "gnu++0x";
				CLANG_CXX_LIBRARY = "libc++";
				CLANG_ENABLE_MODULES = YES;
				CLANG_ENABLE_OBJC_ARC = YES;
				CLANG_WARN_BOOL_CONVERSION = YES;
				CLANG_WARN_CONSTANT_CONVERSION = YES;
				CLANG_WARN_DIRECT_OBJC_ISA_USAGE = YES_ERROR;
				CLANG_WARN_EMPTY_BODY = YES;
				CLANG_WARN_ENUM_CONVERSION = YES;
				CLANG_WARN_INFINITE_RECURSION = YES;
				CLANG_WARN_INT_CONVERSION = YES;
				CLANG_WARN_OBJC_ROOT_CLASS = YES_ERROR;
				CLANG_WARN_SUSPICIOUS_MOVE = YES;
				CLANG_WARN_UNREACHABLE_CODE = YES;
				CLANG_WARN__DUPLICATE_METHOD_MATCH = YES;
				"CODE_SIGN_IDENTITY[sdk=iphoneos*]" = "iPhone Developer";
				COPY_PHASE_STRIP = NO;
				DEBUG_INFORMATION_FORMAT = dwarf;
				ENABLE_STRICT_OBJC_MSGSEND = YES;
				ENABLE_TESTABILITY = YES;
				GCC_C_LANGUAGE_STANDARD = gnu99;
				GCC_DYNAMIC_NO_PIC = NO;
				GCC_NO_COMMON_BLOCKS = YES;
				GCC_OPTIMIZATION_LEVEL = 0;
				GCC_PREPROCESSOR_DEFINITIONS = (
					"DEBUG=1",
					"$(inherited)",
				);
				GCC_WARN_64_TO_32_BIT_CONVERSION = YES;
				GCC_WARN_ABOUT_RETURN_TYPE = YES_ERROR;
				GCC_WARN_UNDECLARED_SELECTOR = YES;
				GCC_WARN_UNINITIALIZED_AUTOS = YES_AGGRESSIVE;
				GCC_WARN_UNUSED_FUNCTION = YES;
				GCC_WARN_UNUSED_VARIABLE = YES;
				IPHONEOS_DEPLOYMENT_TARGET = 9.0;
				MTL_ENABLE_DEBUG_INFO = YES;
				ONLY_ACTIVE_ARCH = YES;
				SDKROOT = iphoneos;
				SWIFT_OPTIMIZATION_LEVEL = "-Onone";
			};
			name = Debug;
		};
		069508F11C3F74FF0088D031 /* Release */ = {
			isa = XCBuildConfiguration;
			buildSettings = {
				ALWAYS_SEARCH_USER_PATHS = NO;
				CLANG_ANALYZER_LOCALIZABILITY_NONLOCALIZED = YES;
				CLANG_CXX_LANGUAGE_STANDARD = "gnu++0x";
				CLANG_CXX_LIBRARY = "libc++";
				CLANG_ENABLE_MODULES = YES;
				CLANG_ENABLE_OBJC_ARC = YES;
				CLANG_WARN_BOOL_CONVERSION = YES;
				CLANG_WARN_CONSTANT_CONVERSION = YES;
				CLANG_WARN_DIRECT_OBJC_ISA_USAGE = YES_ERROR;
				CLANG_WARN_EMPTY_BODY = YES;
				CLANG_WARN_ENUM_CONVERSION = YES;
				CLANG_WARN_INFINITE_RECURSION = YES;
				CLANG_WARN_INT_CONVERSION = YES;
				CLANG_WARN_OBJC_ROOT_CLASS = YES_ERROR;
				CLANG_WARN_SUSPICIOUS_MOVE = YES;
				CLANG_WARN_UNREACHABLE_CODE = YES;
				CLANG_WARN__DUPLICATE_METHOD_MATCH = YES;
				"CODE_SIGN_IDENTITY[sdk=iphoneos*]" = "iPhone Developer";
				COPY_PHASE_STRIP = NO;
				DEBUG_INFORMATION_FORMAT = "dwarf-with-dsym";
				ENABLE_NS_ASSERTIONS = NO;
				ENABLE_STRICT_OBJC_MSGSEND = YES;
				GCC_C_LANGUAGE_STANDARD = gnu99;
				GCC_NO_COMMON_BLOCKS = YES;
				GCC_WARN_64_TO_32_BIT_CONVERSION = YES;
				GCC_WARN_ABOUT_RETURN_TYPE = YES_ERROR;
				GCC_WARN_UNDECLARED_SELECTOR = YES;
				GCC_WARN_UNINITIALIZED_AUTOS = YES_AGGRESSIVE;
				GCC_WARN_UNUSED_FUNCTION = YES;
				GCC_WARN_UNUSED_VARIABLE = YES;
				IPHONEOS_DEPLOYMENT_TARGET = 9.0;
				MTL_ENABLE_DEBUG_INFO = NO;
				SDKROOT = iphoneos;
				SWIFT_OPTIMIZATION_LEVEL = "-Owholemodule";
				VALIDATE_PRODUCT = YES;
			};
			name = Release;
		};
		069508F31C3F74FF0088D031 /* Debug */ = {
			isa = XCBuildConfiguration;
			baseConfigurationReference = 44B6C123CE7CA62B5B4450D9 /* Pods-AVA-Swift.debug.xcconfig */;
			buildSettings = {
				ALWAYS_EMBED_SWIFT_STANDARD_LIBRARIES = YES;
				ASSETCATALOG_COMPILER_APPICON_NAME = AppIcon;
				ASSETCATALOG_COMPILER_LAUNCHIMAGE_NAME = LaunchImage;
				CURRENT_PROJECT_VERSION = 1.0.0.2;
				DEBUG_INFORMATION_FORMAT = "dwarf-with-dsym";
				DEVELOPMENT_TEAM = 3ACUYF8X87;
				INFOPLIST_FILE = "V2ex-Swift/Info.plist";
				IPHONEOS_DEPLOYMENT_TARGET = 11.0;
				LD_RUNPATH_SEARCH_PATHS = "$(inherited) @executable_path/Frameworks";
				OTHER_SWIFT_FLAGS = "$(inherited) \"-D\" \"COCOAPODS\" -DDEBUG";
				PRODUCT_BUNDLE_IDENTIFIER = com.np.ava;
				PRODUCT_NAME = AVA;
				SWIFT_SWIFT3_OBJC_INFERENCE = On;
				SWIFT_VERSION = 4.0;
				TARGETED_DEVICE_FAMILY = "1,2";
			};
			name = Debug;
		};
		069508F41C3F74FF0088D031 /* Release */ = {
			isa = XCBuildConfiguration;
			baseConfigurationReference = E02BB9E4AF9F5BC0AE459911 /* Pods-AVA-Swift.release.xcconfig */;
			buildSettings = {
				ALWAYS_EMBED_SWIFT_STANDARD_LIBRARIES = YES;
				ASSETCATALOG_COMPILER_APPICON_NAME = AppIcon;
				ASSETCATALOG_COMPILER_LAUNCHIMAGE_NAME = LaunchImage;
				CURRENT_PROJECT_VERSION = 1.0.0.2;
				DEVELOPMENT_TEAM = 3ACUYF8X87;
				INFOPLIST_FILE = "V2ex-Swift/Info.plist";
				IPHONEOS_DEPLOYMENT_TARGET = 11.0;
				LD_RUNPATH_SEARCH_PATHS = "$(inherited) @executable_path/Frameworks";
				PRODUCT_BUNDLE_IDENTIFIER = com.np.ava;
				PRODUCT_NAME = AVA;
				SWIFT_SWIFT3_OBJC_INFERENCE = On;
				SWIFT_VERSION = 4.0;
				TARGETED_DEVICE_FAMILY = "1,2";
			};
			name = Release;
		};
/* End XCBuildConfiguration section */

/* Begin XCConfigurationList section */
		069508DB1C3F74FF0088D031 /* Build configuration list for PBXProject "AVA-Swift" */ = {
			isa = XCConfigurationList;
			buildConfigurations = (
				069508F01C3F74FF0088D031 /* Debug */,
				069508F11C3F74FF0088D031 /* Release */,
			);
			defaultConfigurationIsVisible = 0;
			defaultConfigurationName = Release;
		};
		069508F21C3F74FF0088D031 /* Build configuration list for PBXNativeTarget "AVA-Swift" */ = {
			isa = XCConfigurationList;
			buildConfigurations = (
				069508F31C3F74FF0088D031 /* Debug */,
				069508F41C3F74FF0088D031 /* Release */,
			);
			defaultConfigurationIsVisible = 0;
			defaultConfigurationName = Release;
		};
/* End XCConfigurationList section */
	};
	rootObject = 069508D81C3F74FF0088D031 /* Project object */;
}
